
Microsoft Visual Studio Solution File, Format Version 12.00
# Visual Studio Version 16
VisualStudioVersion = 16.0.30611.23
MinimumVisualStudioVersion = 10.0.40219.1
Project("{2150E333-8FDC-42A3-9474-1A3956D46DE8}") = "Solution Items", "Solution Items", "{34BE9BF6-11CC-4753-B1B4-31ED478F0DFB}"
	ProjectSection(SolutionItems) = preProject
		.editorconfig = .editorconfig
		.gitignore = .gitignore
		.kodiak.toml = .kodiak.toml
		.github\dependabot.yaml = .github\dependabot.yaml
		Directory.Build.props = Directory.Build.props
		.github\issue_label_bot.yaml = .github\issue_label_bot.yaml
		LICENSE = LICENSE
		README.md = README.md
	EndProjectSection
EndProject
Project("{9A19103F-16F7-4668-BE54-9A1E7A4F7556}") = "Stringier", "Stringier\Stringier.csproj", "{FBC76C3D-D30F-4439-9E18-82171F24FDA9}"
EndProject
Project("{9A19103F-16F7-4668-BE54-9A1E7A4F7556}") = "Collectathon", "Collectathon\Collectathon.csproj", "{94193111-4B09-4214-96FF-F6528ED6F602}"
EndProject
Project("{9A19103F-16F7-4668-BE54-9A1E7A4F7556}") = "Consolator", "Consolator\Consolator.csproj", "{A5E8A6C6-331C-4AEF-B97E-669A5A319E90}"
EndProject
Project("{9A19103F-16F7-4668-BE54-9A1E7A4F7556}") = "Defender", "Defender\Defender.csproj", "{4313A141-E7D8-4F2F-B15A-50ADD4035971}"
EndProject
Project("{9A19103F-16F7-4668-BE54-9A1E7A4F7556}") = "Logician", "Logician\Logician.csproj", "{19DB553F-9FC7-44FE-8CC7-D79B1C192728}"
EndProject
Project("{778DAE3C-4631-46EA-AA77-85C1314464D9}") = "Documentation", "Documentation\Documentation.vbproj", "{3B6D046F-E2F7-412B-9D75-A18EF6409F4F}"
EndProject
Project("{9A19103F-16F7-4668-BE54-9A1E7A4F7556}") = "Philosoft", "Philosoft\Philosoft.csproj", "{31432BB7-F4E8-428E-B8D2-FECF7E10A8EC}"
EndProject
Project("{6EC3EE1D-3C4E-46DD-8F32-0CC8E7565705}") = "Logician.FSharp", "Logician.FSharp\Logician.FSharp.fsproj", "{FC3248C8-366A-4DE5-A822-4B9A95F4C1E0}"
EndProject
Project("{6EC3EE1D-3C4E-46DD-8F32-0CC8E7565705}") = "Stringier.FSharp", "Stringier.FSharp\Stringier.FSharp.fsproj", "{2F085B50-8886-46AB-B219-912B1C1F03AB}"
EndProject
Project("{6EC3EE1D-3C4E-46DD-8F32-0CC8E7565705}") = "Collectathon.FSharp", "Collectathon.FSharp\Collectathon.FSharp.fsproj", "{4B5D4A7F-1D7C-452C-A542-EAE7D3E1F6AF}"
EndProject
Project("{6EC3EE1D-3C4E-46DD-8F32-0CC8E7565705}") = "Defender.FSharp", "Defender.FSharp\Defender.FSharp.fsproj", "{D0F24B40-FC76-49E7-8C27-1BFECCBA5274}"
EndProject
Project("{6EC3EE1D-3C4E-46DD-8F32-0CC8E7565705}") = "Philosoft.FSharp", "Philosoft.FSharp\Philosoft.FSharp.fsproj", "{5B14A120-01DD-4E29-A348-088F66379C87}"
EndProject
Project("{6EC3EE1D-3C4E-46DD-8F32-0CC8E7565705}") = "Consolator.FSharp", "Consolator.FSharp\Consolator.FSharp.fsproj", "{C93A67BD-EA8E-4D82-A084-FC3EECC9DB5C}"
EndProject
Project("{778DAE3C-4631-46EA-AA77-85C1314464D9}") = "Tests", "Tests\Tests.vbproj", "{012A46C4-5A68-44B7-B50C-A881D60CA19E}"
EndProject
Project("{6EC3EE1D-3C4E-46DD-8F32-0CC8E7565705}") = "Tests.FSharp", "Tests.FSharp\Tests.FSharp.fsproj", "{483A4C67-B85D-4A40-AAA4-3EDBE939E837}"
EndProject
Project("{778DAE3C-4631-46EA-AA77-85C1314464D9}") = "Benchmarks", "Benchmarks\Benchmarks.vbproj", "{59BF47E6-5D14-4535-B3E2-A50659D0D3E3}"
EndProject
Global
	GlobalSection(SolutionConfigurationPlatforms) = preSolution
		Debug|Any CPU = Debug|Any CPU
		Debug|x64 = Debug|x64
		Debug|x86 = Debug|x86
		Release|Any CPU = Release|Any CPU
		Release|x64 = Release|x64
		Release|x86 = Release|x86
	EndGlobalSection
	GlobalSection(ProjectConfigurationPlatforms) = postSolution
		{FBC76C3D-D30F-4439-9E18-82171F24FDA9}.Debug|Any CPU.ActiveCfg = Debug|Any CPU
		{FBC76C3D-D30F-4439-9E18-82171F24FDA9}.Debug|Any CPU.Build.0 = Debug|Any CPU
		{FBC76C3D-D30F-4439-9E18-82171F24FDA9}.Debug|x64.ActiveCfg = Debug|Any CPU
		{FBC76C3D-D30F-4439-9E18-82171F24FDA9}.Debug|x64.Build.0 = Debug|Any CPU
		{FBC76C3D-D30F-4439-9E18-82171F24FDA9}.Debug|x86.ActiveCfg = Debug|Any CPU
		{FBC76C3D-D30F-4439-9E18-82171F24FDA9}.Debug|x86.Build.0 = Debug|Any CPU
		{FBC76C3D-D30F-4439-9E18-82171F24FDA9}.Release|Any CPU.ActiveCfg = Release|Any CPU
		{FBC76C3D-D30F-4439-9E18-82171F24FDA9}.Release|Any CPU.Build.0 = Release|Any CPU
		{FBC76C3D-D30F-4439-9E18-82171F24FDA9}.Release|x64.ActiveCfg = Release|Any CPU
		{FBC76C3D-D30F-4439-9E18-82171F24FDA9}.Release|x64.Build.0 = Release|Any CPU
		{FBC76C3D-D30F-4439-9E18-82171F24FDA9}.Release|x86.ActiveCfg = Release|Any CPU
		{FBC76C3D-D30F-4439-9E18-82171F24FDA9}.Release|x86.Build.0 = Release|Any CPU
		{94193111-4B09-4214-96FF-F6528ED6F602}.Debug|Any CPU.ActiveCfg = Debug|Any CPU
		{94193111-4B09-4214-96FF-F6528ED6F602}.Debug|Any CPU.Build.0 = Debug|Any CPU
		{94193111-4B09-4214-96FF-F6528ED6F602}.Debug|x64.ActiveCfg = Debug|Any CPU
		{94193111-4B09-4214-96FF-F6528ED6F602}.Debug|x64.Build.0 = Debug|Any CPU
		{94193111-4B09-4214-96FF-F6528ED6F602}.Debug|x86.ActiveCfg = Debug|Any CPU
		{94193111-4B09-4214-96FF-F6528ED6F602}.Debug|x86.Build.0 = Debug|Any CPU
		{94193111-4B09-4214-96FF-F6528ED6F602}.Release|Any CPU.ActiveCfg = Release|Any CPU
		{94193111-4B09-4214-96FF-F6528ED6F602}.Release|Any CPU.Build.0 = Release|Any CPU
		{94193111-4B09-4214-96FF-F6528ED6F602}.Release|x64.ActiveCfg = Release|Any CPU
		{94193111-4B09-4214-96FF-F6528ED6F602}.Release|x64.Build.0 = Release|Any CPU
		{94193111-4B09-4214-96FF-F6528ED6F602}.Release|x86.ActiveCfg = Release|Any CPU
		{94193111-4B09-4214-96FF-F6528ED6F602}.Release|x86.Build.0 = Release|Any CPU
		{A5E8A6C6-331C-4AEF-B97E-669A5A319E90}.Debug|Any CPU.ActiveCfg = Debug|Any CPU
		{A5E8A6C6-331C-4AEF-B97E-669A5A319E90}.Debug|Any CPU.Build.0 = Debug|Any CPU
		{A5E8A6C6-331C-4AEF-B97E-669A5A319E90}.Debug|x64.ActiveCfg = Debug|Any CPU
		{A5E8A6C6-331C-4AEF-B97E-669A5A319E90}.Debug|x64.Build.0 = Debug|Any CPU
		{A5E8A6C6-331C-4AEF-B97E-669A5A319E90}.Debug|x86.ActiveCfg = Debug|Any CPU
		{A5E8A6C6-331C-4AEF-B97E-669A5A319E90}.Debug|x86.Build.0 = Debug|Any CPU
		{A5E8A6C6-331C-4AEF-B97E-669A5A319E90}.Release|Any CPU.ActiveCfg = Release|Any CPU
		{A5E8A6C6-331C-4AEF-B97E-669A5A319E90}.Release|Any CPU.Build.0 = Release|Any CPU
		{A5E8A6C6-331C-4AEF-B97E-669A5A319E90}.Release|x64.ActiveCfg = Release|Any CPU
		{A5E8A6C6-331C-4AEF-B97E-669A5A319E90}.Release|x64.Build.0 = Release|Any CPU
		{A5E8A6C6-331C-4AEF-B97E-669A5A319E90}.Release|x86.ActiveCfg = Release|Any CPU
		{A5E8A6C6-331C-4AEF-B97E-669A5A319E90}.Release|x86.Build.0 = Release|Any CPU
		{4313A141-E7D8-4F2F-B15A-50ADD4035971}.Debug|Any CPU.ActiveCfg = Debug|Any CPU
		{4313A141-E7D8-4F2F-B15A-50ADD4035971}.Debug|Any CPU.Build.0 = Debug|Any CPU
		{4313A141-E7D8-4F2F-B15A-50ADD4035971}.Debug|x64.ActiveCfg = Debug|Any CPU
		{4313A141-E7D8-4F2F-B15A-50ADD4035971}.Debug|x64.Build.0 = Debug|Any CPU
		{4313A141-E7D8-4F2F-B15A-50ADD4035971}.Debug|x86.ActiveCfg = Debug|Any CPU
		{4313A141-E7D8-4F2F-B15A-50ADD4035971}.Debug|x86.Build.0 = Debug|Any CPU
		{4313A141-E7D8-4F2F-B15A-50ADD4035971}.Release|Any CPU.ActiveCfg = Release|Any CPU
		{4313A141-E7D8-4F2F-B15A-50ADD4035971}.Release|Any CPU.Build.0 = Release|Any CPU
		{4313A141-E7D8-4F2F-B15A-50ADD4035971}.Release|x64.ActiveCfg = Release|Any CPU
		{4313A141-E7D8-4F2F-B15A-50ADD4035971}.Release|x64.Build.0 = Release|Any CPU
		{4313A141-E7D8-4F2F-B15A-50ADD4035971}.Release|x86.ActiveCfg = Release|Any CPU
		{4313A141-E7D8-4F2F-B15A-50ADD4035971}.Release|x86.Build.0 = Release|Any CPU
		{19DB553F-9FC7-44FE-8CC7-D79B1C192728}.Debug|Any CPU.ActiveCfg = Debug|Any CPU
		{19DB553F-9FC7-44FE-8CC7-D79B1C192728}.Debug|Any CPU.Build.0 = Debug|Any CPU
		{19DB553F-9FC7-44FE-8CC7-D79B1C192728}.Debug|x64.ActiveCfg = Debug|Any CPU
		{19DB553F-9FC7-44FE-8CC7-D79B1C192728}.Debug|x64.Build.0 = Debug|Any CPU
		{19DB553F-9FC7-44FE-8CC7-D79B1C192728}.Debug|x86.ActiveCfg = Debug|Any CPU
		{19DB553F-9FC7-44FE-8CC7-D79B1C192728}.Debug|x86.Build.0 = Debug|Any CPU
		{19DB553F-9FC7-44FE-8CC7-D79B1C192728}.Release|Any CPU.ActiveCfg = Release|Any CPU
		{19DB553F-9FC7-44FE-8CC7-D79B1C192728}.Release|Any CPU.Build.0 = Release|Any CPU
		{19DB553F-9FC7-44FE-8CC7-D79B1C192728}.Release|x64.ActiveCfg = Release|Any CPU
		{19DB553F-9FC7-44FE-8CC7-D79B1C192728}.Release|x64.Build.0 = Release|Any CPU
		{19DB553F-9FC7-44FE-8CC7-D79B1C192728}.Release|x86.ActiveCfg = Release|Any CPU
		{19DB553F-9FC7-44FE-8CC7-D79B1C192728}.Release|x86.Build.0 = Release|Any CPU
		{3B6D046F-E2F7-412B-9D75-A18EF6409F4F}.Debug|Any CPU.ActiveCfg = Debug|Any CPU
		{3B6D046F-E2F7-412B-9D75-A18EF6409F4F}.Debug|Any CPU.Build.0 = Debug|Any CPU
		{3B6D046F-E2F7-412B-9D75-A18EF6409F4F}.Debug|x64.ActiveCfg = Debug|Any CPU
		{3B6D046F-E2F7-412B-9D75-A18EF6409F4F}.Debug|x64.Build.0 = Debug|Any CPU
		{3B6D046F-E2F7-412B-9D75-A18EF6409F4F}.Debug|x86.ActiveCfg = Debug|Any CPU
		{3B6D046F-E2F7-412B-9D75-A18EF6409F4F}.Debug|x86.Build.0 = Debug|Any CPU
		{3B6D046F-E2F7-412B-9D75-A18EF6409F4F}.Release|Any CPU.ActiveCfg = Release|Any CPU
		{3B6D046F-E2F7-412B-9D75-A18EF6409F4F}.Release|Any CPU.Build.0 = Release|Any CPU
		{3B6D046F-E2F7-412B-9D75-A18EF6409F4F}.Release|x64.ActiveCfg = Release|Any CPU
		{3B6D046F-E2F7-412B-9D75-A18EF6409F4F}.Release|x64.Build.0 = Release|Any CPU
		{3B6D046F-E2F7-412B-9D75-A18EF6409F4F}.Release|x86.ActiveCfg = Release|Any CPU
		{3B6D046F-E2F7-412B-9D75-A18EF6409F4F}.Release|x86.Build.0 = Release|Any CPU
		{31432BB7-F4E8-428E-B8D2-FECF7E10A8EC}.Debug|Any CPU.ActiveCfg = Debug|Any CPU
		{31432BB7-F4E8-428E-B8D2-FECF7E10A8EC}.Debug|Any CPU.Build.0 = Debug|Any CPU
		{31432BB7-F4E8-428E-B8D2-FECF7E10A8EC}.Debug|x64.ActiveCfg = Debug|Any CPU
		{31432BB7-F4E8-428E-B8D2-FECF7E10A8EC}.Debug|x64.Build.0 = Debug|Any CPU
		{31432BB7-F4E8-428E-B8D2-FECF7E10A8EC}.Debug|x86.ActiveCfg = Debug|Any CPU
		{31432BB7-F4E8-428E-B8D2-FECF7E10A8EC}.Debug|x86.Build.0 = Debug|Any CPU
		{31432BB7-F4E8-428E-B8D2-FECF7E10A8EC}.Release|Any CPU.ActiveCfg = Release|Any CPU
		{31432BB7-F4E8-428E-B8D2-FECF7E10A8EC}.Release|Any CPU.Build.0 = Release|Any CPU
		{31432BB7-F4E8-428E-B8D2-FECF7E10A8EC}.Release|x64.ActiveCfg = Release|Any CPU
		{31432BB7-F4E8-428E-B8D2-FECF7E10A8EC}.Release|x64.Build.0 = Release|Any CPU
		{31432BB7-F4E8-428E-B8D2-FECF7E10A8EC}.Release|x86.ActiveCfg = Release|Any CPU
		{31432BB7-F4E8-428E-B8D2-FECF7E10A8EC}.Release|x86.Build.0 = Release|Any CPU
		{FC3248C8-366A-4DE5-A822-4B9A95F4C1E0}.Debug|Any CPU.ActiveCfg = Debug|Any CPU
		{FC3248C8-366A-4DE5-A822-4B9A95F4C1E0}.Debug|Any CPU.Build.0 = Debug|Any CPU
		{FC3248C8-366A-4DE5-A822-4B9A95F4C1E0}.Debug|x64.ActiveCfg = Debug|Any CPU
		{FC3248C8-366A-4DE5-A822-4B9A95F4C1E0}.Debug|x64.Build.0 = Debug|Any CPU
		{FC3248C8-366A-4DE5-A822-4B9A95F4C1E0}.Debug|x86.ActiveCfg = Debug|Any CPU
		{FC3248C8-366A-4DE5-A822-4B9A95F4C1E0}.Debug|x86.Build.0 = Debug|Any CPU
		{FC3248C8-366A-4DE5-A822-4B9A95F4C1E0}.Release|Any CPU.ActiveCfg = Release|Any CPU
		{FC3248C8-366A-4DE5-A822-4B9A95F4C1E0}.Release|Any CPU.Build.0 = Release|Any CPU
		{FC3248C8-366A-4DE5-A822-4B9A95F4C1E0}.Release|x64.ActiveCfg = Release|Any CPU
		{FC3248C8-366A-4DE5-A822-4B9A95F4C1E0}.Release|x64.Build.0 = Release|Any CPU
		{FC3248C8-366A-4DE5-A822-4B9A95F4C1E0}.Release|x86.ActiveCfg = Release|Any CPU
		{FC3248C8-366A-4DE5-A822-4B9A95F4C1E0}.Release|x86.Build.0 = Release|Any CPU
		{2F085B50-8886-46AB-B219-912B1C1F03AB}.Debug|Any CPU.ActiveCfg = Debug|Any CPU
		{2F085B50-8886-46AB-B219-912B1C1F03AB}.Debug|Any CPU.Build.0 = Debug|Any CPU
		{2F085B50-8886-46AB-B219-912B1C1F03AB}.Debug|x64.ActiveCfg = Debug|Any CPU
		{2F085B50-8886-46AB-B219-912B1C1F03AB}.Debug|x64.Build.0 = Debug|Any CPU
		{2F085B50-8886-46AB-B219-912B1C1F03AB}.Debug|x86.ActiveCfg = Debug|Any CPU
		{2F085B50-8886-46AB-B219-912B1C1F03AB}.Debug|x86.Build.0 = Debug|Any CPU
		{2F085B50-8886-46AB-B219-912B1C1F03AB}.Release|Any CPU.ActiveCfg = Release|Any CPU
		{2F085B50-8886-46AB-B219-912B1C1F03AB}.Release|Any CPU.Build.0 = Release|Any CPU
		{2F085B50-8886-46AB-B219-912B1C1F03AB}.Release|x64.ActiveCfg = Release|Any CPU
		{2F085B50-8886-46AB-B219-912B1C1F03AB}.Release|x64.Build.0 = Release|Any CPU
		{2F085B50-8886-46AB-B219-912B1C1F03AB}.Release|x86.ActiveCfg = Release|Any CPU
		{2F085B50-8886-46AB-B219-912B1C1F03AB}.Release|x86.Build.0 = Release|Any CPU
		{4B5D4A7F-1D7C-452C-A542-EAE7D3E1F6AF}.Debug|Any CPU.ActiveCfg = Debug|Any CPU
		{4B5D4A7F-1D7C-452C-A542-EAE7D3E1F6AF}.Debug|Any CPU.Build.0 = Debug|Any CPU
		{4B5D4A7F-1D7C-452C-A542-EAE7D3E1F6AF}.Debug|x64.ActiveCfg = Debug|Any CPU
		{4B5D4A7F-1D7C-452C-A542-EAE7D3E1F6AF}.Debug|x64.Build.0 = Debug|Any CPU
		{4B5D4A7F-1D7C-452C-A542-EAE7D3E1F6AF}.Debug|x86.ActiveCfg = Debug|Any CPU
		{4B5D4A7F-1D7C-452C-A542-EAE7D3E1F6AF}.Debug|x86.Build.0 = Debug|Any CPU
		{4B5D4A7F-1D7C-452C-A542-EAE7D3E1F6AF}.Release|Any CPU.ActiveCfg = Release|Any CPU
		{4B5D4A7F-1D7C-452C-A542-EAE7D3E1F6AF}.Release|Any CPU.Build.0 = Release|Any CPU
		{4B5D4A7F-1D7C-452C-A542-EAE7D3E1F6AF}.Release|x64.ActiveCfg = Release|Any CPU
		{4B5D4A7F-1D7C-452C-A542-EAE7D3E1F6AF}.Release|x64.Build.0 = Release|Any CPU
		{4B5D4A7F-1D7C-452C-A542-EAE7D3E1F6AF}.Release|x86.ActiveCfg = Release|Any CPU
		{4B5D4A7F-1D7C-452C-A542-EAE7D3E1F6AF}.Release|x86.Build.0 = Release|Any CPU
		{D0F24B40-FC76-49E7-8C27-1BFECCBA5274}.Debug|Any CPU.ActiveCfg = Debug|Any CPU
		{D0F24B40-FC76-49E7-8C27-1BFECCBA5274}.Debug|Any CPU.Build.0 = Debug|Any CPU
		{D0F24B40-FC76-49E7-8C27-1BFECCBA5274}.Debug|x64.ActiveCfg = Debug|Any CPU
		{D0F24B40-FC76-49E7-8C27-1BFECCBA5274}.Debug|x64.Build.0 = Debug|Any CPU
		{D0F24B40-FC76-49E7-8C27-1BFECCBA5274}.Debug|x86.ActiveCfg = Debug|Any CPU
		{D0F24B40-FC76-49E7-8C27-1BFECCBA5274}.Debug|x86.Build.0 = Debug|Any CPU
		{D0F24B40-FC76-49E7-8C27-1BFECCBA5274}.Release|Any CPU.ActiveCfg = Release|Any CPU
		{D0F24B40-FC76-49E7-8C27-1BFECCBA5274}.Release|Any CPU.Build.0 = Release|Any CPU
		{D0F24B40-FC76-49E7-8C27-1BFECCBA5274}.Release|x64.ActiveCfg = Release|Any CPU
		{D0F24B40-FC76-49E7-8C27-1BFECCBA5274}.Release|x64.Build.0 = Release|Any CPU
		{D0F24B40-FC76-49E7-8C27-1BFECCBA5274}.Release|x86.ActiveCfg = Release|Any CPU
		{D0F24B40-FC76-49E7-8C27-1BFECCBA5274}.Release|x86.Build.0 = Release|Any CPU
		{5B14A120-01DD-4E29-A348-088F66379C87}.Debug|Any CPU.ActiveCfg = Debug|Any CPU
		{5B14A120-01DD-4E29-A348-088F66379C87}.Debug|Any CPU.Build.0 = Debug|Any CPU
		{5B14A120-01DD-4E29-A348-088F66379C87}.Debug|x64.ActiveCfg = Debug|Any CPU
		{5B14A120-01DD-4E29-A348-088F66379C87}.Debug|x64.Build.0 = Debug|Any CPU
		{5B14A120-01DD-4E29-A348-088F66379C87}.Debug|x86.ActiveCfg = Debug|Any CPU
		{5B14A120-01DD-4E29-A348-088F66379C87}.Debug|x86.Build.0 = Debug|Any CPU
		{5B14A120-01DD-4E29-A348-088F66379C87}.Release|Any CPU.ActiveCfg = Release|Any CPU
		{5B14A120-01DD-4E29-A348-088F66379C87}.Release|Any CPU.Build.0 = Release|Any CPU
		{5B14A120-01DD-4E29-A348-088F66379C87}.Release|x64.ActiveCfg = Release|Any CPU
		{5B14A120-01DD-4E29-A348-088F66379C87}.Release|x64.Build.0 = Release|Any CPU
		{5B14A120-01DD-4E29-A348-088F66379C87}.Release|x86.ActiveCfg = Release|Any CPU
		{5B14A120-01DD-4E29-A348-088F66379C87}.Release|x86.Build.0 = Release|Any CPU
		{C93A67BD-EA8E-4D82-A084-FC3EECC9DB5C}.Debug|Any CPU.ActiveCfg = Debug|Any CPU
		{C93A67BD-EA8E-4D82-A084-FC3EECC9DB5C}.Debug|Any CPU.Build.0 = Debug|Any CPU
		{C93A67BD-EA8E-4D82-A084-FC3EECC9DB5C}.Debug|x64.ActiveCfg = Debug|Any CPU
		{C93A67BD-EA8E-4D82-A084-FC3EECC9DB5C}.Debug|x64.Build.0 = Debug|Any CPU
		{C93A67BD-EA8E-4D82-A084-FC3EECC9DB5C}.Debug|x86.ActiveCfg = Debug|Any CPU
		{C93A67BD-EA8E-4D82-A084-FC3EECC9DB5C}.Debug|x86.Build.0 = Debug|Any CPU
		{C93A67BD-EA8E-4D82-A084-FC3EECC9DB5C}.Release|Any CPU.ActiveCfg = Release|Any CPU
		{C93A67BD-EA8E-4D82-A084-FC3EECC9DB5C}.Release|Any CPU.Build.0 = Release|Any CPU
		{C93A67BD-EA8E-4D82-A084-FC3EECC9DB5C}.Release|x64.ActiveCfg = Release|Any CPU
		{C93A67BD-EA8E-4D82-A084-FC3EECC9DB5C}.Release|x64.Build.0 = Release|Any CPU
		{C93A67BD-EA8E-4D82-A084-FC3EECC9DB5C}.Release|x86.ActiveCfg = Release|Any CPU
		{C93A67BD-EA8E-4D82-A084-FC3EECC9DB5C}.Release|x86.Build.0 = Release|Any CPU
		{012A46C4-5A68-44B7-B50C-A881D60CA19E}.Debug|Any CPU.ActiveCfg = Debug|Any CPU
		{012A46C4-5A68-44B7-B50C-A881D60CA19E}.Debug|Any CPU.Build.0 = Debug|Any CPU
		{012A46C4-5A68-44B7-B50C-A881D60CA19E}.Debug|x64.ActiveCfg = Debug|Any CPU
		{012A46C4-5A68-44B7-B50C-A881D60CA19E}.Debug|x64.Build.0 = Debug|Any CPU
		{012A46C4-5A68-44B7-B50C-A881D60CA19E}.Debug|x86.ActiveCfg = Debug|Any CPU
		{012A46C4-5A68-44B7-B50C-A881D60CA19E}.Debug|x86.Build.0 = Debug|Any CPU
		{012A46C4-5A68-44B7-B50C-A881D60CA19E}.Release|Any CPU.ActiveCfg = Release|Any CPU
		{012A46C4-5A68-44B7-B50C-A881D60CA19E}.Release|Any CPU.Build.0 = Release|Any CPU
		{012A46C4-5A68-44B7-B50C-A881D60CA19E}.Release|x64.ActiveCfg = Release|Any CPU
		{012A46C4-5A68-44B7-B50C-A881D60CA19E}.Release|x64.Build.0 = Release|Any CPU
		{012A46C4-5A68-44B7-B50C-A881D60CA19E}.Release|x86.ActiveCfg = Release|Any CPU
		{012A46C4-5A68-44B7-B50C-A881D60CA19E}.Release|x86.Build.0 = Release|Any CPU
		{483A4C67-B85D-4A40-AAA4-3EDBE939E837}.Debug|Any CPU.ActiveCfg = Debug|Any CPU
		{483A4C67-B85D-4A40-AAA4-3EDBE939E837}.Debug|Any CPU.Build.0 = Debug|Any CPU
		{483A4C67-B85D-4A40-AAA4-3EDBE939E837}.Debug|x64.ActiveCfg = Debug|Any CPU
		{483A4C67-B85D-4A40-AAA4-3EDBE939E837}.Debug|x64.Build.0 = Debug|Any CPU
		{483A4C67-B85D-4A40-AAA4-3EDBE939E837}.Debug|x86.ActiveCfg = Debug|Any CPU
		{483A4C67-B85D-4A40-AAA4-3EDBE939E837}.Debug|x86.Build.0 = Debug|Any CPU
		{483A4C67-B85D-4A40-AAA4-3EDBE939E837}.Release|Any CPU.ActiveCfg = Release|Any CPU
		{483A4C67-B85D-4A40-AAA4-3EDBE939E837}.Release|Any CPU.Build.0 = Release|Any CPU
		{483A4C67-B85D-4A40-AAA4-3EDBE939E837}.Release|x64.ActiveCfg = Release|Any CPU
		{483A4C67-B85D-4A40-AAA4-3EDBE939E837}.Release|x64.Build.0 = Release|Any CPU
		{483A4C67-B85D-4A40-AAA4-3EDBE939E837}.Release|x86.ActiveCfg = Release|Any CPU
		{483A4C67-B85D-4A40-AAA4-3EDBE939E837}.Release|x86.Build.0 = Release|Any CPU
		{59BF47E6-5D14-4535-B3E2-A50659D0D3E3}.Debug|Any CPU.ActiveCfg = Debug|Any CPU
		{59BF47E6-5D14-4535-B3E2-A50659D0D3E3}.Debug|Any CPU.Build.0 = Debug|Any CPU
		{59BF47E6-5D14-4535-B3E2-A50659D0D3E3}.Debug|x64.ActiveCfg = Debug|Any CPU
		{59BF47E6-5D14-4535-B3E2-A50659D0D3E3}.Debug|x64.Build.0 = Debug|Any CPU
		{59BF47E6-5D14-4535-B3E2-A50659D0D3E3}.Debug|x86.ActiveCfg = Debug|Any CPU
		{59BF47E6-5D14-4535-B3E2-A50659D0D3E3}.Debug|x86.Build.0 = Debug|Any CPU
		{59BF47E6-5D14-4535-B3E2-A50659D0D3E3}.Release|Any CPU.ActiveCfg = Release|Any CPU
		{59BF47E6-5D14-4535-B3E2-A50659D0D3E3}.Release|Any CPU.Build.0 = Release|Any CPU
		{59BF47E6-5D14-4535-B3E2-A50659D0D3E3}.Release|x64.ActiveCfg = Release|Any CPU
		{59BF47E6-5D14-4535-B3E2-A50659D0D3E3}.Release|x64.Build.0 = Release|Any CPU
		{59BF47E6-5D14-4535-B3E2-A50659D0D3E3}.Release|x86.ActiveCfg = Release|Any CPU
		{59BF47E6-5D14-4535-B3E2-A50659D0D3E3}.Release|x86.Build.0 = Release|Any CPU
	EndGlobalSection
	GlobalSection(SolutionProperties) = preSolution
		HideSolutionNode = FALSE
	EndGlobalSection
	GlobalSection(ExtensibilityGlobals) = postSolution
		SolutionGuid = {BD2AFA89-4002-44D6-99E4-48E735D26B8C}
	EndGlobalSection
EndGlobal
