
Microsoft Visual Studio Solution File, Format Version 12.00
# Visual Studio Version 16
VisualStudioVersion = 16.0.30611.23
MinimumVisualStudioVersion = 10.0.40219.1
Project("{2150E333-8FDC-42A3-9474-1A3956D46DE8}") = "Solution Items", "Solution Items", "{34BE9BF6-11CC-4753-B1B4-31ED478F0DFB}"
	ProjectSection(SolutionItems) = preProject
		.editorconfig = .editorconfig
		.gitignore = .gitignore
		azure-pipelines.yml = azure-pipelines.yml
		CODE_OF_CONDUCT.md = CODE_OF_CONDUCT.md
		CONTRIBUTING.md = CONTRIBUTING.md
		.github\dependabot.yaml = .github\dependabot.yaml
		.github\FUNDING.yml = .github\FUNDING.yml
		GOALS_AND_PURPOSE.md = GOALS_AND_PURPOSE.md
		.github\issue_label_bot.yaml = .github\issue_label_bot.yaml
		LICENSE = LICENSE
		nuget.config = nuget.config
		README.md = README.md
	EndProjectSection
EndProject
Project("{778DAE3C-4631-46EA-AA77-85C1314464D9}") = "Documentation", "Documentation\Documentation.vbproj", "{3B6D046F-E2F7-412B-9D75-A18EF6409F4F}"
EndProject
Project("{9A19103F-16F7-4668-BE54-9A1E7A4F7556}") = "Benchmarks", "Benchmarks\Benchmarks.csproj", "{66A64B86-E082-47F7-B798-F0C590F12F91}"
EndProject
Project("{9A19103F-16F7-4668-BE54-9A1E7A4F7556}") = "Tests", "Tests\Tests.csproj", "{21F64A9F-483A-4D5D-B306-A09BFBA4D7E7}"
EndProject
Project("{2150E333-8FDC-42A3-9474-1A3956D46DE8}") = "Libraries", "Libraries", "{3A1CF434-009B-414F-9F21-3F7FDEAA5B6B}"
	ProjectSection(SolutionItems) = preProject
		Libraries\Architecture.dgml = Libraries\Architecture.dgml
		Libraries\Directory.Build.props = Libraries\Directory.Build.props
		Libraries\GlobalSuppressions.cs = Libraries\GlobalSuppressions.cs
	EndProjectSection
EndProject
Project("{9A19103F-16F7-4668-BE54-9A1E7A4F7556}") = "Langly.Core", "Libraries\Langly.Core\Langly.Core.csproj", "{6EB88C23-2C39-4FEF-8898-A52E73A94297}"
EndProject
Project("{9A19103F-16F7-4668-BE54-9A1E7A4F7556}") = "Langly.Sets", "Libraries\Langly.Sets\Langly.Sets.csproj", "{A02FA12D-2CE7-4B2B-859E-0D0F34C25CBB}"
EndProject
Project("{D954291E-2A0B-460D-934E-DC6B0785DB48}") = "Langly.Checks", "Libraries\Langly.Checks\Langly.Checks.shproj", "{25FA61DA-736D-40C4-81E9-903CEBF298B7}"
EndProject
Project("{9A19103F-16F7-4668-BE54-9A1E7A4F7556}") = "Langly.Numerics", "Libraries\Langly.Numerics\Langly.Numerics.csproj", "{CC31A92C-1E39-4324-8511-1DD1B1DF4852}"
EndProject
Project("{9A19103F-16F7-4668-BE54-9A1E7A4F7556}") = "Langly.Stacks", "Libraries\Langly.Stacks\Langly.Stacks.csproj", "{B01204B0-AAEA-45D9-88CA-6BADFC7F327E}"
EndProject
Project("{D954291E-2A0B-460D-934E-DC6B0785DB48}") = "Langly.Unsafe", "Libraries\Langly.Unsafe\Langly.Unsafe.shproj", "{DC71088F-431B-4B04-BBAB-816DD8D1C69E}"
EndProject
Project("{9A19103F-16F7-4668-BE54-9A1E7A4F7556}") = "Langly.Rune", "Libraries\Langly.Rune\Langly.Rune.csproj", "{BAB8DE6E-DBDA-42BB-BEE1-4EC2A15D19A6}"
EndProject
Project("{9A19103F-16F7-4668-BE54-9A1E7A4F7556}") = "Langly.Arrays", "Libraries\Langly.Arrays\Langly.Arrays.csproj", "{7663CCA0-4FA4-4250-BE41-9DBF252CD0B5}"
EndProject
Project("{9A19103F-16F7-4668-BE54-9A1E7A4F7556}") = "Langly.Guards", "Libraries\Langly.Guards\Langly.Guards.csproj", "{83E7004B-9874-4094-A524-64A43B3ED2D8}"
EndProject
Project("{2150E333-8FDC-42A3-9474-1A3956D46DE8}") = "Packages", "Packages", "{7E70A1A2-467E-464D-83D1-5DFE2377D478}"
EndProject
Project("{9A19103F-16F7-4668-BE54-9A1E7A4F7556}") = "Defender", "Packages\Defender\Defender.csproj", "{9E0B9CF6-FF9F-4911-92E2-2CD1798FD965}"
EndProject
Project("{9A19103F-16F7-4668-BE54-9A1E7A4F7556}") = "Langly.Console", "Libraries\Langly.Console\Langly.Console.csproj", "{75613D62-6894-4F2C-8F6E-D89C8D3FD328}"
EndProject
Project("{9A19103F-16F7-4668-BE54-9A1E7A4F7556}") = "Langly.Streams", "Libraries\Langly.Streams\Langly.Streams.csproj", "{7C76AFB5-E3D4-49DA-9B8F-31B5CEC8F374}"
EndProject
Project("{9A19103F-16F7-4668-BE54-9A1E7A4F7556}") = "Langly.Traits", "Libraries\Langly.Traits\Langly.Traits.csproj", "{AC6BAA00-316E-4B59-9955-6DA8618745BF}"
EndProject
Project("{9A19103F-16F7-4668-BE54-9A1E7A4F7556}") = "Langly.Buffers", "Libraries\Langly.Buffers\Langly.Buffers.csproj", "{067B1A2B-BEAC-4AB9-AB6F-32D04BD9E4B9}"
EndProject
Project("{9A19103F-16F7-4668-BE54-9A1E7A4F7556}") = "Langly", "Packages\Langly\Langly.csproj", "{4129C713-73A7-4D2F-965A-ADB9CF3C8EF6}"
EndProject
Project("{9A19103F-16F7-4668-BE54-9A1E7A4F7556}") = "Langly.Exceptions", "Libraries\Langly.Exceptions\Langly.Exceptions.csproj", "{3951C396-FB54-46FF-A6AB-719E501B64C6}"
EndProject
Project("{9A19103F-16F7-4668-BE54-9A1E7A4F7556}") = "Langly.Chains", "Libraries\Langly.Chains\Langly.Chains.csproj", "{39EFF160-4296-4971-AE26-F2A6EB09EA9B}"
EndProject
Project("{9A19103F-16F7-4668-BE54-9A1E7A4F7556}") = "Langly.Lists", "Libraries\Langly.Lists\Langly.Lists.csproj", "{87ED1AC0-2A07-4D12-AC18-21192B8A1ED1}"
EndProject
Project("{9A19103F-16F7-4668-BE54-9A1E7A4F7556}") = "Langly.Trees", "Libraries\Langly.Trees\Langly.Trees.csproj", "{A1F3D0D7-35DC-41C5-8CE4-A78712D834B5}"
EndProject
Project("{9A19103F-16F7-4668-BE54-9A1E7A4F7556}") = "Langly.DataStructures", "Libraries\Langly.DataStructures\Langly.DataStructures.csproj", "{0F498FD3-17F1-47DB-BAFF-42409E0A0E15}"
EndProject
Project("{9A19103F-16F7-4668-BE54-9A1E7A4F7556}") = "Langly.Text", "Libraries\Langly.Text\Langly.Text.csproj", "{5C2FE19E-4C40-4F1A-B61D-A891A75B7BD9}"
EndProject
Project("{9A19103F-16F7-4668-BE54-9A1E7A4F7556}") = "Langly.Glyph", "Libraries\Langly.Glyph\Langly.Glyph.csproj", "{A3E17EBA-F470-48B8-A852-C5CF2FE237A9}"
EndProject
Project("{9A19103F-16F7-4668-BE54-9A1E7A4F7556}") = "Langly.Dictionaries", "Libraries\Langly.Dictionaries\Langly.Dictionaries.csproj", "{F6BC49C9-FDE7-4BFF-BB02-1BFEEF16D074}"
EndProject
Global
	GlobalSection(SharedMSBuildProjectFiles) = preSolution
		Libraries\Langly.Checks\Langly.Checks.projitems*{25fa61da-736d-40c4-81e9-903cebf298b7}*SharedItemsImports = 13
		Libraries\Langly.Unsafe\Langly.Unsafe.projitems*{6eb88c23-2c39-4fef-8898-a52e73a94297}*SharedItemsImports = 5
		Libraries\Langly.Checks\Langly.Checks.projitems*{7c76afb5-e3d4-49da-9b8f-31b5cec8f374}*SharedItemsImports = 5
		Libraries\Langly.Checks\Langly.Checks.projitems*{83e7004b-9874-4094-a524-64a43b3ed2d8}*SharedItemsImports = 5
		Libraries\Langly.Checks\Langly.Checks.projitems*{a02fa12d-2ce7-4b2b-859e-0d0f34c25cbb}*SharedItemsImports = 5
		Libraries\Langly.Unsafe\Langly.Unsafe.projitems*{dc71088f-431b-4b04-bbab-816dd8d1c69e}*SharedItemsImports = 13
	EndGlobalSection
	GlobalSection(SolutionConfigurationPlatforms) = preSolution
		Debug|Any CPU = Debug|Any CPU
		Debug|x64 = Debug|x64
		Debug|x86 = Debug|x86
		Debug-Windows|Any CPU = Debug-Windows|Any CPU
		Debug-Windows|x64 = Debug-Windows|x64
		Debug-Windows|x86 = Debug-Windows|x86
		Release|Any CPU = Release|Any CPU
		Release|x64 = Release|x64
		Release|x86 = Release|x86
		Release-Windows|Any CPU = Release-Windows|Any CPU
		Release-Windows|x64 = Release-Windows|x64
		Release-Windows|x86 = Release-Windows|x86
	EndGlobalSection
	GlobalSection(ProjectConfigurationPlatforms) = postSolution
		{3B6D046F-E2F7-412B-9D75-A18EF6409F4F}.Debug|Any CPU.ActiveCfg = Debug|Any CPU
		{3B6D046F-E2F7-412B-9D75-A18EF6409F4F}.Debug|Any CPU.Build.0 = Debug|Any CPU
		{3B6D046F-E2F7-412B-9D75-A18EF6409F4F}.Debug|x64.ActiveCfg = Debug|Any CPU
		{3B6D046F-E2F7-412B-9D75-A18EF6409F4F}.Debug|x64.Build.0 = Debug|Any CPU
		{3B6D046F-E2F7-412B-9D75-A18EF6409F4F}.Debug|x86.ActiveCfg = Debug|Any CPU
		{3B6D046F-E2F7-412B-9D75-A18EF6409F4F}.Debug|x86.Build.0 = Debug|Any CPU
		{3B6D046F-E2F7-412B-9D75-A18EF6409F4F}.Debug-Windows|Any CPU.ActiveCfg = Debug|Any CPU
		{3B6D046F-E2F7-412B-9D75-A18EF6409F4F}.Debug-Windows|Any CPU.Build.0 = Debug|Any CPU
		{3B6D046F-E2F7-412B-9D75-A18EF6409F4F}.Debug-Windows|x64.ActiveCfg = Debug|Any CPU
		{3B6D046F-E2F7-412B-9D75-A18EF6409F4F}.Debug-Windows|x64.Build.0 = Debug|Any CPU
		{3B6D046F-E2F7-412B-9D75-A18EF6409F4F}.Debug-Windows|x86.ActiveCfg = Debug|Any CPU
		{3B6D046F-E2F7-412B-9D75-A18EF6409F4F}.Debug-Windows|x86.Build.0 = Debug|Any CPU
		{3B6D046F-E2F7-412B-9D75-A18EF6409F4F}.Release|Any CPU.ActiveCfg = Release|Any CPU
		{3B6D046F-E2F7-412B-9D75-A18EF6409F4F}.Release|Any CPU.Build.0 = Release|Any CPU
		{3B6D046F-E2F7-412B-9D75-A18EF6409F4F}.Release|x64.ActiveCfg = Release|Any CPU
		{3B6D046F-E2F7-412B-9D75-A18EF6409F4F}.Release|x64.Build.0 = Release|Any CPU
		{3B6D046F-E2F7-412B-9D75-A18EF6409F4F}.Release|x86.ActiveCfg = Release|Any CPU
		{3B6D046F-E2F7-412B-9D75-A18EF6409F4F}.Release|x86.Build.0 = Release|Any CPU
		{3B6D046F-E2F7-412B-9D75-A18EF6409F4F}.Release-Windows|Any CPU.ActiveCfg = Release|Any CPU
		{3B6D046F-E2F7-412B-9D75-A18EF6409F4F}.Release-Windows|Any CPU.Build.0 = Release|Any CPU
		{3B6D046F-E2F7-412B-9D75-A18EF6409F4F}.Release-Windows|x64.ActiveCfg = Release|Any CPU
		{3B6D046F-E2F7-412B-9D75-A18EF6409F4F}.Release-Windows|x64.Build.0 = Release|Any CPU
		{3B6D046F-E2F7-412B-9D75-A18EF6409F4F}.Release-Windows|x86.ActiveCfg = Release|Any CPU
		{3B6D046F-E2F7-412B-9D75-A18EF6409F4F}.Release-Windows|x86.Build.0 = Release|Any CPU
		{66A64B86-E082-47F7-B798-F0C590F12F91}.Debug|Any CPU.ActiveCfg = Debug|Any CPU
		{66A64B86-E082-47F7-B798-F0C590F12F91}.Debug|Any CPU.Build.0 = Debug|Any CPU
		{66A64B86-E082-47F7-B798-F0C590F12F91}.Debug|x64.ActiveCfg = Debug|Any CPU
		{66A64B86-E082-47F7-B798-F0C590F12F91}.Debug|x64.Build.0 = Debug|Any CPU
		{66A64B86-E082-47F7-B798-F0C590F12F91}.Debug|x86.ActiveCfg = Debug|Any CPU
		{66A64B86-E082-47F7-B798-F0C590F12F91}.Debug|x86.Build.0 = Debug|Any CPU
		{66A64B86-E082-47F7-B798-F0C590F12F91}.Debug-Windows|Any CPU.ActiveCfg = Debug|Any CPU
		{66A64B86-E082-47F7-B798-F0C590F12F91}.Debug-Windows|Any CPU.Build.0 = Debug|Any CPU
		{66A64B86-E082-47F7-B798-F0C590F12F91}.Debug-Windows|x64.ActiveCfg = Debug|Any CPU
		{66A64B86-E082-47F7-B798-F0C590F12F91}.Debug-Windows|x64.Build.0 = Debug|Any CPU
		{66A64B86-E082-47F7-B798-F0C590F12F91}.Debug-Windows|x86.ActiveCfg = Debug|Any CPU
		{66A64B86-E082-47F7-B798-F0C590F12F91}.Debug-Windows|x86.Build.0 = Debug|Any CPU
		{66A64B86-E082-47F7-B798-F0C590F12F91}.Release|Any CPU.ActiveCfg = Release|Any CPU
		{66A64B86-E082-47F7-B798-F0C590F12F91}.Release|Any CPU.Build.0 = Release|Any CPU
		{66A64B86-E082-47F7-B798-F0C590F12F91}.Release|x64.ActiveCfg = Release|Any CPU
		{66A64B86-E082-47F7-B798-F0C590F12F91}.Release|x64.Build.0 = Release|Any CPU
		{66A64B86-E082-47F7-B798-F0C590F12F91}.Release|x86.ActiveCfg = Release|Any CPU
		{66A64B86-E082-47F7-B798-F0C590F12F91}.Release|x86.Build.0 = Release|Any CPU
		{66A64B86-E082-47F7-B798-F0C590F12F91}.Release-Windows|Any CPU.ActiveCfg = Release|Any CPU
		{66A64B86-E082-47F7-B798-F0C590F12F91}.Release-Windows|Any CPU.Build.0 = Release|Any CPU
		{66A64B86-E082-47F7-B798-F0C590F12F91}.Release-Windows|x64.ActiveCfg = Release|Any CPU
		{66A64B86-E082-47F7-B798-F0C590F12F91}.Release-Windows|x64.Build.0 = Release|Any CPU
		{66A64B86-E082-47F7-B798-F0C590F12F91}.Release-Windows|x86.ActiveCfg = Release|Any CPU
		{66A64B86-E082-47F7-B798-F0C590F12F91}.Release-Windows|x86.Build.0 = Release|Any CPU
		{21F64A9F-483A-4D5D-B306-A09BFBA4D7E7}.Debug|Any CPU.ActiveCfg = Debug|Any CPU
		{21F64A9F-483A-4D5D-B306-A09BFBA4D7E7}.Debug|Any CPU.Build.0 = Debug|Any CPU
		{21F64A9F-483A-4D5D-B306-A09BFBA4D7E7}.Debug|x64.ActiveCfg = Debug|Any CPU
		{21F64A9F-483A-4D5D-B306-A09BFBA4D7E7}.Debug|x64.Build.0 = Debug|Any CPU
		{21F64A9F-483A-4D5D-B306-A09BFBA4D7E7}.Debug|x86.ActiveCfg = Debug|Any CPU
		{21F64A9F-483A-4D5D-B306-A09BFBA4D7E7}.Debug|x86.Build.0 = Debug|Any CPU
		{21F64A9F-483A-4D5D-B306-A09BFBA4D7E7}.Debug-Windows|Any CPU.ActiveCfg = Debug|Any CPU
		{21F64A9F-483A-4D5D-B306-A09BFBA4D7E7}.Debug-Windows|Any CPU.Build.0 = Debug|Any CPU
		{21F64A9F-483A-4D5D-B306-A09BFBA4D7E7}.Debug-Windows|x64.ActiveCfg = Debug|Any CPU
		{21F64A9F-483A-4D5D-B306-A09BFBA4D7E7}.Debug-Windows|x64.Build.0 = Debug|Any CPU
		{21F64A9F-483A-4D5D-B306-A09BFBA4D7E7}.Debug-Windows|x86.ActiveCfg = Debug|Any CPU
		{21F64A9F-483A-4D5D-B306-A09BFBA4D7E7}.Debug-Windows|x86.Build.0 = Debug|Any CPU
		{21F64A9F-483A-4D5D-B306-A09BFBA4D7E7}.Release|Any CPU.ActiveCfg = Release|Any CPU
		{21F64A9F-483A-4D5D-B306-A09BFBA4D7E7}.Release|Any CPU.Build.0 = Release|Any CPU
		{21F64A9F-483A-4D5D-B306-A09BFBA4D7E7}.Release|x64.ActiveCfg = Release|Any CPU
		{21F64A9F-483A-4D5D-B306-A09BFBA4D7E7}.Release|x64.Build.0 = Release|Any CPU
		{21F64A9F-483A-4D5D-B306-A09BFBA4D7E7}.Release|x86.ActiveCfg = Release|Any CPU
		{21F64A9F-483A-4D5D-B306-A09BFBA4D7E7}.Release|x86.Build.0 = Release|Any CPU
		{21F64A9F-483A-4D5D-B306-A09BFBA4D7E7}.Release-Windows|Any CPU.ActiveCfg = Release|Any CPU
		{21F64A9F-483A-4D5D-B306-A09BFBA4D7E7}.Release-Windows|Any CPU.Build.0 = Release|Any CPU
		{21F64A9F-483A-4D5D-B306-A09BFBA4D7E7}.Release-Windows|x64.ActiveCfg = Release|Any CPU
		{21F64A9F-483A-4D5D-B306-A09BFBA4D7E7}.Release-Windows|x64.Build.0 = Release|Any CPU
		{21F64A9F-483A-4D5D-B306-A09BFBA4D7E7}.Release-Windows|x86.ActiveCfg = Release|Any CPU
		{21F64A9F-483A-4D5D-B306-A09BFBA4D7E7}.Release-Windows|x86.Build.0 = Release|Any CPU
		{6EB88C23-2C39-4FEF-8898-A52E73A94297}.Debug|Any CPU.ActiveCfg = Debug|Any CPU
		{6EB88C23-2C39-4FEF-8898-A52E73A94297}.Debug|Any CPU.Build.0 = Debug|Any CPU
		{6EB88C23-2C39-4FEF-8898-A52E73A94297}.Debug|x64.ActiveCfg = Debug|Any CPU
		{6EB88C23-2C39-4FEF-8898-A52E73A94297}.Debug|x64.Build.0 = Debug|Any CPU
		{6EB88C23-2C39-4FEF-8898-A52E73A94297}.Debug|x86.ActiveCfg = Debug|Any CPU
		{6EB88C23-2C39-4FEF-8898-A52E73A94297}.Debug|x86.Build.0 = Debug|Any CPU
		{6EB88C23-2C39-4FEF-8898-A52E73A94297}.Debug-Windows|Any CPU.ActiveCfg = Debug|Any CPU
		{6EB88C23-2C39-4FEF-8898-A52E73A94297}.Debug-Windows|Any CPU.Build.0 = Debug|Any CPU
		{6EB88C23-2C39-4FEF-8898-A52E73A94297}.Debug-Windows|x64.ActiveCfg = Debug|Any CPU
		{6EB88C23-2C39-4FEF-8898-A52E73A94297}.Debug-Windows|x64.Build.0 = Debug|Any CPU
		{6EB88C23-2C39-4FEF-8898-A52E73A94297}.Debug-Windows|x86.ActiveCfg = Debug|Any CPU
		{6EB88C23-2C39-4FEF-8898-A52E73A94297}.Debug-Windows|x86.Build.0 = Debug|Any CPU
		{6EB88C23-2C39-4FEF-8898-A52E73A94297}.Release|Any CPU.ActiveCfg = Release|Any CPU
		{6EB88C23-2C39-4FEF-8898-A52E73A94297}.Release|Any CPU.Build.0 = Release|Any CPU
		{6EB88C23-2C39-4FEF-8898-A52E73A94297}.Release|x64.ActiveCfg = Release|Any CPU
		{6EB88C23-2C39-4FEF-8898-A52E73A94297}.Release|x64.Build.0 = Release|Any CPU
		{6EB88C23-2C39-4FEF-8898-A52E73A94297}.Release|x86.ActiveCfg = Release|Any CPU
		{6EB88C23-2C39-4FEF-8898-A52E73A94297}.Release|x86.Build.0 = Release|Any CPU
		{6EB88C23-2C39-4FEF-8898-A52E73A94297}.Release-Windows|Any CPU.ActiveCfg = Release|Any CPU
		{6EB88C23-2C39-4FEF-8898-A52E73A94297}.Release-Windows|Any CPU.Build.0 = Release|Any CPU
		{6EB88C23-2C39-4FEF-8898-A52E73A94297}.Release-Windows|x64.ActiveCfg = Release|Any CPU
		{6EB88C23-2C39-4FEF-8898-A52E73A94297}.Release-Windows|x64.Build.0 = Release|Any CPU
		{6EB88C23-2C39-4FEF-8898-A52E73A94297}.Release-Windows|x86.ActiveCfg = Release|Any CPU
		{6EB88C23-2C39-4FEF-8898-A52E73A94297}.Release-Windows|x86.Build.0 = Release|Any CPU
		{A02FA12D-2CE7-4B2B-859E-0D0F34C25CBB}.Debug|Any CPU.ActiveCfg = Debug|Any CPU
		{A02FA12D-2CE7-4B2B-859E-0D0F34C25CBB}.Debug|Any CPU.Build.0 = Debug|Any CPU
		{A02FA12D-2CE7-4B2B-859E-0D0F34C25CBB}.Debug|x64.ActiveCfg = Debug|Any CPU
		{A02FA12D-2CE7-4B2B-859E-0D0F34C25CBB}.Debug|x64.Build.0 = Debug|Any CPU
		{A02FA12D-2CE7-4B2B-859E-0D0F34C25CBB}.Debug|x86.ActiveCfg = Debug|Any CPU
		{A02FA12D-2CE7-4B2B-859E-0D0F34C25CBB}.Debug|x86.Build.0 = Debug|Any CPU
		{A02FA12D-2CE7-4B2B-859E-0D0F34C25CBB}.Debug-Windows|Any CPU.ActiveCfg = Debug|Any CPU
		{A02FA12D-2CE7-4B2B-859E-0D0F34C25CBB}.Debug-Windows|Any CPU.Build.0 = Debug|Any CPU
		{A02FA12D-2CE7-4B2B-859E-0D0F34C25CBB}.Debug-Windows|x64.ActiveCfg = Debug|Any CPU
		{A02FA12D-2CE7-4B2B-859E-0D0F34C25CBB}.Debug-Windows|x64.Build.0 = Debug|Any CPU
		{A02FA12D-2CE7-4B2B-859E-0D0F34C25CBB}.Debug-Windows|x86.ActiveCfg = Debug|Any CPU
		{A02FA12D-2CE7-4B2B-859E-0D0F34C25CBB}.Debug-Windows|x86.Build.0 = Debug|Any CPU
		{A02FA12D-2CE7-4B2B-859E-0D0F34C25CBB}.Release|Any CPU.ActiveCfg = Release|Any CPU
		{A02FA12D-2CE7-4B2B-859E-0D0F34C25CBB}.Release|Any CPU.Build.0 = Release|Any CPU
		{A02FA12D-2CE7-4B2B-859E-0D0F34C25CBB}.Release|x64.ActiveCfg = Release|Any CPU
		{A02FA12D-2CE7-4B2B-859E-0D0F34C25CBB}.Release|x64.Build.0 = Release|Any CPU
		{A02FA12D-2CE7-4B2B-859E-0D0F34C25CBB}.Release|x86.ActiveCfg = Release|Any CPU
		{A02FA12D-2CE7-4B2B-859E-0D0F34C25CBB}.Release|x86.Build.0 = Release|Any CPU
		{A02FA12D-2CE7-4B2B-859E-0D0F34C25CBB}.Release-Windows|Any CPU.ActiveCfg = Release|Any CPU
		{A02FA12D-2CE7-4B2B-859E-0D0F34C25CBB}.Release-Windows|Any CPU.Build.0 = Release|Any CPU
		{A02FA12D-2CE7-4B2B-859E-0D0F34C25CBB}.Release-Windows|x64.ActiveCfg = Release|Any CPU
		{A02FA12D-2CE7-4B2B-859E-0D0F34C25CBB}.Release-Windows|x64.Build.0 = Release|Any CPU
		{A02FA12D-2CE7-4B2B-859E-0D0F34C25CBB}.Release-Windows|x86.ActiveCfg = Release|Any CPU
		{A02FA12D-2CE7-4B2B-859E-0D0F34C25CBB}.Release-Windows|x86.Build.0 = Release|Any CPU
		{CC31A92C-1E39-4324-8511-1DD1B1DF4852}.Debug|Any CPU.ActiveCfg = Debug|Any CPU
		{CC31A92C-1E39-4324-8511-1DD1B1DF4852}.Debug|Any CPU.Build.0 = Debug|Any CPU
		{CC31A92C-1E39-4324-8511-1DD1B1DF4852}.Debug|x64.ActiveCfg = Debug|Any CPU
		{CC31A92C-1E39-4324-8511-1DD1B1DF4852}.Debug|x64.Build.0 = Debug|Any CPU
		{CC31A92C-1E39-4324-8511-1DD1B1DF4852}.Debug|x86.ActiveCfg = Debug|Any CPU
		{CC31A92C-1E39-4324-8511-1DD1B1DF4852}.Debug|x86.Build.0 = Debug|Any CPU
		{CC31A92C-1E39-4324-8511-1DD1B1DF4852}.Debug-Windows|Any CPU.ActiveCfg = Debug|Any CPU
		{CC31A92C-1E39-4324-8511-1DD1B1DF4852}.Debug-Windows|Any CPU.Build.0 = Debug|Any CPU
		{CC31A92C-1E39-4324-8511-1DD1B1DF4852}.Debug-Windows|x64.ActiveCfg = Debug|Any CPU
		{CC31A92C-1E39-4324-8511-1DD1B1DF4852}.Debug-Windows|x64.Build.0 = Debug|Any CPU
		{CC31A92C-1E39-4324-8511-1DD1B1DF4852}.Debug-Windows|x86.ActiveCfg = Debug|Any CPU
		{CC31A92C-1E39-4324-8511-1DD1B1DF4852}.Debug-Windows|x86.Build.0 = Debug|Any CPU
		{CC31A92C-1E39-4324-8511-1DD1B1DF4852}.Release|Any CPU.ActiveCfg = Release|Any CPU
		{CC31A92C-1E39-4324-8511-1DD1B1DF4852}.Release|Any CPU.Build.0 = Release|Any CPU
		{CC31A92C-1E39-4324-8511-1DD1B1DF4852}.Release|x64.ActiveCfg = Release|Any CPU
		{CC31A92C-1E39-4324-8511-1DD1B1DF4852}.Release|x64.Build.0 = Release|Any CPU
		{CC31A92C-1E39-4324-8511-1DD1B1DF4852}.Release|x86.ActiveCfg = Release|Any CPU
		{CC31A92C-1E39-4324-8511-1DD1B1DF4852}.Release|x86.Build.0 = Release|Any CPU
		{CC31A92C-1E39-4324-8511-1DD1B1DF4852}.Release-Windows|Any CPU.ActiveCfg = Release|Any CPU
		{CC31A92C-1E39-4324-8511-1DD1B1DF4852}.Release-Windows|Any CPU.Build.0 = Release|Any CPU
		{CC31A92C-1E39-4324-8511-1DD1B1DF4852}.Release-Windows|x64.ActiveCfg = Release|Any CPU
		{CC31A92C-1E39-4324-8511-1DD1B1DF4852}.Release-Windows|x64.Build.0 = Release|Any CPU
		{CC31A92C-1E39-4324-8511-1DD1B1DF4852}.Release-Windows|x86.ActiveCfg = Release|Any CPU
		{CC31A92C-1E39-4324-8511-1DD1B1DF4852}.Release-Windows|x86.Build.0 = Release|Any CPU
		{B01204B0-AAEA-45D9-88CA-6BADFC7F327E}.Debug|Any CPU.ActiveCfg = Debug|Any CPU
		{B01204B0-AAEA-45D9-88CA-6BADFC7F327E}.Debug|Any CPU.Build.0 = Debug|Any CPU
		{B01204B0-AAEA-45D9-88CA-6BADFC7F327E}.Debug|x64.ActiveCfg = Debug|Any CPU
		{B01204B0-AAEA-45D9-88CA-6BADFC7F327E}.Debug|x64.Build.0 = Debug|Any CPU
		{B01204B0-AAEA-45D9-88CA-6BADFC7F327E}.Debug|x86.ActiveCfg = Debug|Any CPU
		{B01204B0-AAEA-45D9-88CA-6BADFC7F327E}.Debug|x86.Build.0 = Debug|Any CPU
		{B01204B0-AAEA-45D9-88CA-6BADFC7F327E}.Debug-Windows|Any CPU.ActiveCfg = Debug|Any CPU
		{B01204B0-AAEA-45D9-88CA-6BADFC7F327E}.Debug-Windows|Any CPU.Build.0 = Debug|Any CPU
		{B01204B0-AAEA-45D9-88CA-6BADFC7F327E}.Debug-Windows|x64.ActiveCfg = Debug|Any CPU
		{B01204B0-AAEA-45D9-88CA-6BADFC7F327E}.Debug-Windows|x64.Build.0 = Debug|Any CPU
		{B01204B0-AAEA-45D9-88CA-6BADFC7F327E}.Debug-Windows|x86.ActiveCfg = Debug|Any CPU
		{B01204B0-AAEA-45D9-88CA-6BADFC7F327E}.Debug-Windows|x86.Build.0 = Debug|Any CPU
		{B01204B0-AAEA-45D9-88CA-6BADFC7F327E}.Release|Any CPU.ActiveCfg = Release|Any CPU
		{B01204B0-AAEA-45D9-88CA-6BADFC7F327E}.Release|Any CPU.Build.0 = Release|Any CPU
		{B01204B0-AAEA-45D9-88CA-6BADFC7F327E}.Release|x64.ActiveCfg = Release|Any CPU
		{B01204B0-AAEA-45D9-88CA-6BADFC7F327E}.Release|x64.Build.0 = Release|Any CPU
		{B01204B0-AAEA-45D9-88CA-6BADFC7F327E}.Release|x86.ActiveCfg = Release|Any CPU
		{B01204B0-AAEA-45D9-88CA-6BADFC7F327E}.Release|x86.Build.0 = Release|Any CPU
		{B01204B0-AAEA-45D9-88CA-6BADFC7F327E}.Release-Windows|Any CPU.ActiveCfg = Release|Any CPU
		{B01204B0-AAEA-45D9-88CA-6BADFC7F327E}.Release-Windows|Any CPU.Build.0 = Release|Any CPU
		{B01204B0-AAEA-45D9-88CA-6BADFC7F327E}.Release-Windows|x64.ActiveCfg = Release|Any CPU
		{B01204B0-AAEA-45D9-88CA-6BADFC7F327E}.Release-Windows|x64.Build.0 = Release|Any CPU
		{B01204B0-AAEA-45D9-88CA-6BADFC7F327E}.Release-Windows|x86.ActiveCfg = Release|Any CPU
		{B01204B0-AAEA-45D9-88CA-6BADFC7F327E}.Release-Windows|x86.Build.0 = Release|Any CPU
		{BAB8DE6E-DBDA-42BB-BEE1-4EC2A15D19A6}.Debug|Any CPU.ActiveCfg = Debug|Any CPU
		{BAB8DE6E-DBDA-42BB-BEE1-4EC2A15D19A6}.Debug|Any CPU.Build.0 = Debug|Any CPU
		{BAB8DE6E-DBDA-42BB-BEE1-4EC2A15D19A6}.Debug|x64.ActiveCfg = Debug|Any CPU
		{BAB8DE6E-DBDA-42BB-BEE1-4EC2A15D19A6}.Debug|x64.Build.0 = Debug|Any CPU
		{BAB8DE6E-DBDA-42BB-BEE1-4EC2A15D19A6}.Debug|x86.ActiveCfg = Debug|Any CPU
		{BAB8DE6E-DBDA-42BB-BEE1-4EC2A15D19A6}.Debug|x86.Build.0 = Debug|Any CPU
		{BAB8DE6E-DBDA-42BB-BEE1-4EC2A15D19A6}.Debug-Windows|Any CPU.ActiveCfg = Debug|Any CPU
		{BAB8DE6E-DBDA-42BB-BEE1-4EC2A15D19A6}.Debug-Windows|Any CPU.Build.0 = Debug|Any CPU
		{BAB8DE6E-DBDA-42BB-BEE1-4EC2A15D19A6}.Debug-Windows|x64.ActiveCfg = Debug|Any CPU
		{BAB8DE6E-DBDA-42BB-BEE1-4EC2A15D19A6}.Debug-Windows|x64.Build.0 = Debug|Any CPU
		{BAB8DE6E-DBDA-42BB-BEE1-4EC2A15D19A6}.Debug-Windows|x86.ActiveCfg = Debug|Any CPU
		{BAB8DE6E-DBDA-42BB-BEE1-4EC2A15D19A6}.Debug-Windows|x86.Build.0 = Debug|Any CPU
		{BAB8DE6E-DBDA-42BB-BEE1-4EC2A15D19A6}.Release|Any CPU.ActiveCfg = Release|Any CPU
		{BAB8DE6E-DBDA-42BB-BEE1-4EC2A15D19A6}.Release|Any CPU.Build.0 = Release|Any CPU
		{BAB8DE6E-DBDA-42BB-BEE1-4EC2A15D19A6}.Release|x64.ActiveCfg = Release|Any CPU
		{BAB8DE6E-DBDA-42BB-BEE1-4EC2A15D19A6}.Release|x64.Build.0 = Release|Any CPU
		{BAB8DE6E-DBDA-42BB-BEE1-4EC2A15D19A6}.Release|x86.ActiveCfg = Release|Any CPU
		{BAB8DE6E-DBDA-42BB-BEE1-4EC2A15D19A6}.Release|x86.Build.0 = Release|Any CPU
		{BAB8DE6E-DBDA-42BB-BEE1-4EC2A15D19A6}.Release-Windows|Any CPU.ActiveCfg = Release|Any CPU
		{BAB8DE6E-DBDA-42BB-BEE1-4EC2A15D19A6}.Release-Windows|Any CPU.Build.0 = Release|Any CPU
		{BAB8DE6E-DBDA-42BB-BEE1-4EC2A15D19A6}.Release-Windows|x64.ActiveCfg = Release|Any CPU
		{BAB8DE6E-DBDA-42BB-BEE1-4EC2A15D19A6}.Release-Windows|x64.Build.0 = Release|Any CPU
		{BAB8DE6E-DBDA-42BB-BEE1-4EC2A15D19A6}.Release-Windows|x86.ActiveCfg = Release|Any CPU
		{BAB8DE6E-DBDA-42BB-BEE1-4EC2A15D19A6}.Release-Windows|x86.Build.0 = Release|Any CPU
		{7663CCA0-4FA4-4250-BE41-9DBF252CD0B5}.Debug|Any CPU.ActiveCfg = Debug|Any CPU
		{7663CCA0-4FA4-4250-BE41-9DBF252CD0B5}.Debug|Any CPU.Build.0 = Debug|Any CPU
		{7663CCA0-4FA4-4250-BE41-9DBF252CD0B5}.Debug|x64.ActiveCfg = Debug|Any CPU
		{7663CCA0-4FA4-4250-BE41-9DBF252CD0B5}.Debug|x64.Build.0 = Debug|Any CPU
		{7663CCA0-4FA4-4250-BE41-9DBF252CD0B5}.Debug|x86.ActiveCfg = Debug|Any CPU
		{7663CCA0-4FA4-4250-BE41-9DBF252CD0B5}.Debug|x86.Build.0 = Debug|Any CPU
		{7663CCA0-4FA4-4250-BE41-9DBF252CD0B5}.Debug-Windows|Any CPU.ActiveCfg = Debug|Any CPU
		{7663CCA0-4FA4-4250-BE41-9DBF252CD0B5}.Debug-Windows|Any CPU.Build.0 = Debug|Any CPU
		{7663CCA0-4FA4-4250-BE41-9DBF252CD0B5}.Debug-Windows|x64.ActiveCfg = Debug|Any CPU
		{7663CCA0-4FA4-4250-BE41-9DBF252CD0B5}.Debug-Windows|x64.Build.0 = Debug|Any CPU
		{7663CCA0-4FA4-4250-BE41-9DBF252CD0B5}.Debug-Windows|x86.ActiveCfg = Debug|Any CPU
		{7663CCA0-4FA4-4250-BE41-9DBF252CD0B5}.Debug-Windows|x86.Build.0 = Debug|Any CPU
		{7663CCA0-4FA4-4250-BE41-9DBF252CD0B5}.Release|Any CPU.ActiveCfg = Release|Any CPU
		{7663CCA0-4FA4-4250-BE41-9DBF252CD0B5}.Release|Any CPU.Build.0 = Release|Any CPU
		{7663CCA0-4FA4-4250-BE41-9DBF252CD0B5}.Release|x64.ActiveCfg = Release|Any CPU
		{7663CCA0-4FA4-4250-BE41-9DBF252CD0B5}.Release|x64.Build.0 = Release|Any CPU
		{7663CCA0-4FA4-4250-BE41-9DBF252CD0B5}.Release|x86.ActiveCfg = Release|Any CPU
		{7663CCA0-4FA4-4250-BE41-9DBF252CD0B5}.Release|x86.Build.0 = Release|Any CPU
		{7663CCA0-4FA4-4250-BE41-9DBF252CD0B5}.Release-Windows|Any CPU.ActiveCfg = Release|Any CPU
		{7663CCA0-4FA4-4250-BE41-9DBF252CD0B5}.Release-Windows|Any CPU.Build.0 = Release|Any CPU
		{7663CCA0-4FA4-4250-BE41-9DBF252CD0B5}.Release-Windows|x64.ActiveCfg = Release|Any CPU
		{7663CCA0-4FA4-4250-BE41-9DBF252CD0B5}.Release-Windows|x64.Build.0 = Release|Any CPU
		{7663CCA0-4FA4-4250-BE41-9DBF252CD0B5}.Release-Windows|x86.ActiveCfg = Release|Any CPU
		{7663CCA0-4FA4-4250-BE41-9DBF252CD0B5}.Release-Windows|x86.Build.0 = Release|Any CPU
		{83E7004B-9874-4094-A524-64A43B3ED2D8}.Debug|Any CPU.ActiveCfg = Debug|Any CPU
		{83E7004B-9874-4094-A524-64A43B3ED2D8}.Debug|Any CPU.Build.0 = Debug|Any CPU
		{83E7004B-9874-4094-A524-64A43B3ED2D8}.Debug|x64.ActiveCfg = Debug|Any CPU
		{83E7004B-9874-4094-A524-64A43B3ED2D8}.Debug|x64.Build.0 = Debug|Any CPU
		{83E7004B-9874-4094-A524-64A43B3ED2D8}.Debug|x86.ActiveCfg = Debug|Any CPU
		{83E7004B-9874-4094-A524-64A43B3ED2D8}.Debug|x86.Build.0 = Debug|Any CPU
		{83E7004B-9874-4094-A524-64A43B3ED2D8}.Debug-Windows|Any CPU.ActiveCfg = Debug|Any CPU
		{83E7004B-9874-4094-A524-64A43B3ED2D8}.Debug-Windows|Any CPU.Build.0 = Debug|Any CPU
		{83E7004B-9874-4094-A524-64A43B3ED2D8}.Debug-Windows|x64.ActiveCfg = Debug|Any CPU
		{83E7004B-9874-4094-A524-64A43B3ED2D8}.Debug-Windows|x64.Build.0 = Debug|Any CPU
		{83E7004B-9874-4094-A524-64A43B3ED2D8}.Debug-Windows|x86.ActiveCfg = Debug|Any CPU
		{83E7004B-9874-4094-A524-64A43B3ED2D8}.Debug-Windows|x86.Build.0 = Debug|Any CPU
		{83E7004B-9874-4094-A524-64A43B3ED2D8}.Release|Any CPU.ActiveCfg = Release|Any CPU
		{83E7004B-9874-4094-A524-64A43B3ED2D8}.Release|Any CPU.Build.0 = Release|Any CPU
		{83E7004B-9874-4094-A524-64A43B3ED2D8}.Release|x64.ActiveCfg = Release|Any CPU
		{83E7004B-9874-4094-A524-64A43B3ED2D8}.Release|x64.Build.0 = Release|Any CPU
		{83E7004B-9874-4094-A524-64A43B3ED2D8}.Release|x86.ActiveCfg = Release|Any CPU
		{83E7004B-9874-4094-A524-64A43B3ED2D8}.Release|x86.Build.0 = Release|Any CPU
		{83E7004B-9874-4094-A524-64A43B3ED2D8}.Release-Windows|Any CPU.ActiveCfg = Release|Any CPU
		{83E7004B-9874-4094-A524-64A43B3ED2D8}.Release-Windows|Any CPU.Build.0 = Release|Any CPU
		{83E7004B-9874-4094-A524-64A43B3ED2D8}.Release-Windows|x64.ActiveCfg = Release|Any CPU
		{83E7004B-9874-4094-A524-64A43B3ED2D8}.Release-Windows|x64.Build.0 = Release|Any CPU
		{83E7004B-9874-4094-A524-64A43B3ED2D8}.Release-Windows|x86.ActiveCfg = Release|Any CPU
		{83E7004B-9874-4094-A524-64A43B3ED2D8}.Release-Windows|x86.Build.0 = Release|Any CPU
		{9E0B9CF6-FF9F-4911-92E2-2CD1798FD965}.Debug|Any CPU.ActiveCfg = Debug|Any CPU
		{9E0B9CF6-FF9F-4911-92E2-2CD1798FD965}.Debug|Any CPU.Build.0 = Debug|Any CPU
		{9E0B9CF6-FF9F-4911-92E2-2CD1798FD965}.Debug|x64.ActiveCfg = Debug|Any CPU
		{9E0B9CF6-FF9F-4911-92E2-2CD1798FD965}.Debug|x64.Build.0 = Debug|Any CPU
		{9E0B9CF6-FF9F-4911-92E2-2CD1798FD965}.Debug|x86.ActiveCfg = Debug|Any CPU
		{9E0B9CF6-FF9F-4911-92E2-2CD1798FD965}.Debug|x86.Build.0 = Debug|Any CPU
		{9E0B9CF6-FF9F-4911-92E2-2CD1798FD965}.Debug-Windows|Any CPU.ActiveCfg = Debug|Any CPU
		{9E0B9CF6-FF9F-4911-92E2-2CD1798FD965}.Debug-Windows|Any CPU.Build.0 = Debug|Any CPU
		{9E0B9CF6-FF9F-4911-92E2-2CD1798FD965}.Debug-Windows|x64.ActiveCfg = Debug|Any CPU
		{9E0B9CF6-FF9F-4911-92E2-2CD1798FD965}.Debug-Windows|x64.Build.0 = Debug|Any CPU
		{9E0B9CF6-FF9F-4911-92E2-2CD1798FD965}.Debug-Windows|x86.ActiveCfg = Debug|Any CPU
		{9E0B9CF6-FF9F-4911-92E2-2CD1798FD965}.Debug-Windows|x86.Build.0 = Debug|Any CPU
		{9E0B9CF6-FF9F-4911-92E2-2CD1798FD965}.Release|Any CPU.ActiveCfg = Release|Any CPU
		{9E0B9CF6-FF9F-4911-92E2-2CD1798FD965}.Release|Any CPU.Build.0 = Release|Any CPU
		{9E0B9CF6-FF9F-4911-92E2-2CD1798FD965}.Release|x64.ActiveCfg = Release|Any CPU
		{9E0B9CF6-FF9F-4911-92E2-2CD1798FD965}.Release|x64.Build.0 = Release|Any CPU
		{9E0B9CF6-FF9F-4911-92E2-2CD1798FD965}.Release|x86.ActiveCfg = Release|Any CPU
		{9E0B9CF6-FF9F-4911-92E2-2CD1798FD965}.Release|x86.Build.0 = Release|Any CPU
		{9E0B9CF6-FF9F-4911-92E2-2CD1798FD965}.Release-Windows|Any CPU.ActiveCfg = Release|Any CPU
		{9E0B9CF6-FF9F-4911-92E2-2CD1798FD965}.Release-Windows|Any CPU.Build.0 = Release|Any CPU
		{9E0B9CF6-FF9F-4911-92E2-2CD1798FD965}.Release-Windows|x64.ActiveCfg = Release|Any CPU
		{9E0B9CF6-FF9F-4911-92E2-2CD1798FD965}.Release-Windows|x64.Build.0 = Release|Any CPU
		{9E0B9CF6-FF9F-4911-92E2-2CD1798FD965}.Release-Windows|x86.ActiveCfg = Release|Any CPU
		{9E0B9CF6-FF9F-4911-92E2-2CD1798FD965}.Release-Windows|x86.Build.0 = Release|Any CPU
		{75613D62-6894-4F2C-8F6E-D89C8D3FD328}.Debug|Any CPU.ActiveCfg = Debug|Any CPU
		{75613D62-6894-4F2C-8F6E-D89C8D3FD328}.Debug|Any CPU.Build.0 = Debug|Any CPU
		{75613D62-6894-4F2C-8F6E-D89C8D3FD328}.Debug|x64.ActiveCfg = Debug|Any CPU
		{75613D62-6894-4F2C-8F6E-D89C8D3FD328}.Debug|x64.Build.0 = Debug|Any CPU
		{75613D62-6894-4F2C-8F6E-D89C8D3FD328}.Debug|x86.ActiveCfg = Debug|Any CPU
		{75613D62-6894-4F2C-8F6E-D89C8D3FD328}.Debug|x86.Build.0 = Debug|Any CPU
		{75613D62-6894-4F2C-8F6E-D89C8D3FD328}.Debug-Windows|Any CPU.ActiveCfg = Debug-Windows|Any CPU
		{75613D62-6894-4F2C-8F6E-D89C8D3FD328}.Debug-Windows|Any CPU.Build.0 = Debug-Windows|Any CPU
		{75613D62-6894-4F2C-8F6E-D89C8D3FD328}.Debug-Windows|x64.ActiveCfg = Debug-Windows|Any CPU
		{75613D62-6894-4F2C-8F6E-D89C8D3FD328}.Debug-Windows|x64.Build.0 = Debug-Windows|Any CPU
		{75613D62-6894-4F2C-8F6E-D89C8D3FD328}.Debug-Windows|x86.ActiveCfg = Debug-Windows|Any CPU
		{75613D62-6894-4F2C-8F6E-D89C8D3FD328}.Debug-Windows|x86.Build.0 = Debug-Windows|Any CPU
		{75613D62-6894-4F2C-8F6E-D89C8D3FD328}.Release|Any CPU.ActiveCfg = Release|Any CPU
		{75613D62-6894-4F2C-8F6E-D89C8D3FD328}.Release|Any CPU.Build.0 = Release|Any CPU
		{75613D62-6894-4F2C-8F6E-D89C8D3FD328}.Release|x64.ActiveCfg = Release|Any CPU
		{75613D62-6894-4F2C-8F6E-D89C8D3FD328}.Release|x64.Build.0 = Release|Any CPU
		{75613D62-6894-4F2C-8F6E-D89C8D3FD328}.Release|x86.ActiveCfg = Release|Any CPU
		{75613D62-6894-4F2C-8F6E-D89C8D3FD328}.Release|x86.Build.0 = Release|Any CPU
		{75613D62-6894-4F2C-8F6E-D89C8D3FD328}.Release-Windows|Any CPU.ActiveCfg = Release-Windows|Any CPU
		{75613D62-6894-4F2C-8F6E-D89C8D3FD328}.Release-Windows|Any CPU.Build.0 = Release-Windows|Any CPU
		{75613D62-6894-4F2C-8F6E-D89C8D3FD328}.Release-Windows|x64.ActiveCfg = Release-Windows|Any CPU
		{75613D62-6894-4F2C-8F6E-D89C8D3FD328}.Release-Windows|x64.Build.0 = Release-Windows|Any CPU
		{75613D62-6894-4F2C-8F6E-D89C8D3FD328}.Release-Windows|x86.ActiveCfg = Release-Windows|Any CPU
		{75613D62-6894-4F2C-8F6E-D89C8D3FD328}.Release-Windows|x86.Build.0 = Release-Windows|Any CPU
		{7C76AFB5-E3D4-49DA-9B8F-31B5CEC8F374}.Debug|Any CPU.ActiveCfg = Debug|Any CPU
		{7C76AFB5-E3D4-49DA-9B8F-31B5CEC8F374}.Debug|Any CPU.Build.0 = Debug|Any CPU
		{7C76AFB5-E3D4-49DA-9B8F-31B5CEC8F374}.Debug|x64.ActiveCfg = Debug|Any CPU
		{7C76AFB5-E3D4-49DA-9B8F-31B5CEC8F374}.Debug|x64.Build.0 = Debug|Any CPU
		{7C76AFB5-E3D4-49DA-9B8F-31B5CEC8F374}.Debug|x86.ActiveCfg = Debug|Any CPU
		{7C76AFB5-E3D4-49DA-9B8F-31B5CEC8F374}.Debug|x86.Build.0 = Debug|Any CPU
		{7C76AFB5-E3D4-49DA-9B8F-31B5CEC8F374}.Debug-Windows|Any CPU.ActiveCfg = Debug-Windows|Any CPU
		{7C76AFB5-E3D4-49DA-9B8F-31B5CEC8F374}.Debug-Windows|Any CPU.Build.0 = Debug-Windows|Any CPU
		{7C76AFB5-E3D4-49DA-9B8F-31B5CEC8F374}.Debug-Windows|x64.ActiveCfg = Debug-Windows|Any CPU
		{7C76AFB5-E3D4-49DA-9B8F-31B5CEC8F374}.Debug-Windows|x64.Build.0 = Debug-Windows|Any CPU
		{7C76AFB5-E3D4-49DA-9B8F-31B5CEC8F374}.Debug-Windows|x86.ActiveCfg = Debug-Windows|Any CPU
		{7C76AFB5-E3D4-49DA-9B8F-31B5CEC8F374}.Debug-Windows|x86.Build.0 = Debug-Windows|Any CPU
		{7C76AFB5-E3D4-49DA-9B8F-31B5CEC8F374}.Release|Any CPU.ActiveCfg = Release|Any CPU
		{7C76AFB5-E3D4-49DA-9B8F-31B5CEC8F374}.Release|Any CPU.Build.0 = Release|Any CPU
		{7C76AFB5-E3D4-49DA-9B8F-31B5CEC8F374}.Release|x64.ActiveCfg = Release|Any CPU
		{7C76AFB5-E3D4-49DA-9B8F-31B5CEC8F374}.Release|x64.Build.0 = Release|Any CPU
		{7C76AFB5-E3D4-49DA-9B8F-31B5CEC8F374}.Release|x86.ActiveCfg = Release|Any CPU
		{7C76AFB5-E3D4-49DA-9B8F-31B5CEC8F374}.Release|x86.Build.0 = Release|Any CPU
		{7C76AFB5-E3D4-49DA-9B8F-31B5CEC8F374}.Release-Windows|Any CPU.ActiveCfg = Release-Windows|Any CPU
		{7C76AFB5-E3D4-49DA-9B8F-31B5CEC8F374}.Release-Windows|Any CPU.Build.0 = Release-Windows|Any CPU
		{7C76AFB5-E3D4-49DA-9B8F-31B5CEC8F374}.Release-Windows|x64.ActiveCfg = Release-Windows|Any CPU
		{7C76AFB5-E3D4-49DA-9B8F-31B5CEC8F374}.Release-Windows|x64.Build.0 = Release-Windows|Any CPU
		{7C76AFB5-E3D4-49DA-9B8F-31B5CEC8F374}.Release-Windows|x86.ActiveCfg = Release-Windows|Any CPU
		{7C76AFB5-E3D4-49DA-9B8F-31B5CEC8F374}.Release-Windows|x86.Build.0 = Release-Windows|Any CPU
		{AC6BAA00-316E-4B59-9955-6DA8618745BF}.Debug|Any CPU.ActiveCfg = Debug|Any CPU
		{AC6BAA00-316E-4B59-9955-6DA8618745BF}.Debug|Any CPU.Build.0 = Debug|Any CPU
		{AC6BAA00-316E-4B59-9955-6DA8618745BF}.Debug|x64.ActiveCfg = Debug|Any CPU
		{AC6BAA00-316E-4B59-9955-6DA8618745BF}.Debug|x64.Build.0 = Debug|Any CPU
		{AC6BAA00-316E-4B59-9955-6DA8618745BF}.Debug|x86.ActiveCfg = Debug|Any CPU
		{AC6BAA00-316E-4B59-9955-6DA8618745BF}.Debug|x86.Build.0 = Debug|Any CPU
		{AC6BAA00-316E-4B59-9955-6DA8618745BF}.Debug-Windows|Any CPU.ActiveCfg = Debug|Any CPU
		{AC6BAA00-316E-4B59-9955-6DA8618745BF}.Debug-Windows|Any CPU.Build.0 = Debug|Any CPU
		{AC6BAA00-316E-4B59-9955-6DA8618745BF}.Debug-Windows|x64.ActiveCfg = Debug|Any CPU
		{AC6BAA00-316E-4B59-9955-6DA8618745BF}.Debug-Windows|x64.Build.0 = Debug|Any CPU
		{AC6BAA00-316E-4B59-9955-6DA8618745BF}.Debug-Windows|x86.ActiveCfg = Debug|Any CPU
		{AC6BAA00-316E-4B59-9955-6DA8618745BF}.Debug-Windows|x86.Build.0 = Debug|Any CPU
		{AC6BAA00-316E-4B59-9955-6DA8618745BF}.Release|Any CPU.ActiveCfg = Release|Any CPU
		{AC6BAA00-316E-4B59-9955-6DA8618745BF}.Release|Any CPU.Build.0 = Release|Any CPU
		{AC6BAA00-316E-4B59-9955-6DA8618745BF}.Release|x64.ActiveCfg = Release|Any CPU
		{AC6BAA00-316E-4B59-9955-6DA8618745BF}.Release|x64.Build.0 = Release|Any CPU
		{AC6BAA00-316E-4B59-9955-6DA8618745BF}.Release|x86.ActiveCfg = Release|Any CPU
		{AC6BAA00-316E-4B59-9955-6DA8618745BF}.Release|x86.Build.0 = Release|Any CPU
		{AC6BAA00-316E-4B59-9955-6DA8618745BF}.Release-Windows|Any CPU.ActiveCfg = Release|Any CPU
		{AC6BAA00-316E-4B59-9955-6DA8618745BF}.Release-Windows|Any CPU.Build.0 = Release|Any CPU
		{AC6BAA00-316E-4B59-9955-6DA8618745BF}.Release-Windows|x64.ActiveCfg = Release|Any CPU
		{AC6BAA00-316E-4B59-9955-6DA8618745BF}.Release-Windows|x64.Build.0 = Release|Any CPU
		{AC6BAA00-316E-4B59-9955-6DA8618745BF}.Release-Windows|x86.ActiveCfg = Release|Any CPU
		{AC6BAA00-316E-4B59-9955-6DA8618745BF}.Release-Windows|x86.Build.0 = Release|Any CPU
		{067B1A2B-BEAC-4AB9-AB6F-32D04BD9E4B9}.Debug|Any CPU.ActiveCfg = Debug|Any CPU
		{067B1A2B-BEAC-4AB9-AB6F-32D04BD9E4B9}.Debug|Any CPU.Build.0 = Debug|Any CPU
		{067B1A2B-BEAC-4AB9-AB6F-32D04BD9E4B9}.Debug|x64.ActiveCfg = Debug|Any CPU
		{067B1A2B-BEAC-4AB9-AB6F-32D04BD9E4B9}.Debug|x64.Build.0 = Debug|Any CPU
		{067B1A2B-BEAC-4AB9-AB6F-32D04BD9E4B9}.Debug|x86.ActiveCfg = Debug|Any CPU
		{067B1A2B-BEAC-4AB9-AB6F-32D04BD9E4B9}.Debug|x86.Build.0 = Debug|Any CPU
		{067B1A2B-BEAC-4AB9-AB6F-32D04BD9E4B9}.Debug-Windows|Any CPU.ActiveCfg = Debug|Any CPU
		{067B1A2B-BEAC-4AB9-AB6F-32D04BD9E4B9}.Debug-Windows|Any CPU.Build.0 = Debug|Any CPU
		{067B1A2B-BEAC-4AB9-AB6F-32D04BD9E4B9}.Debug-Windows|x64.ActiveCfg = Debug|Any CPU
		{067B1A2B-BEAC-4AB9-AB6F-32D04BD9E4B9}.Debug-Windows|x64.Build.0 = Debug|Any CPU
		{067B1A2B-BEAC-4AB9-AB6F-32D04BD9E4B9}.Debug-Windows|x86.ActiveCfg = Debug|Any CPU
		{067B1A2B-BEAC-4AB9-AB6F-32D04BD9E4B9}.Debug-Windows|x86.Build.0 = Debug|Any CPU
		{067B1A2B-BEAC-4AB9-AB6F-32D04BD9E4B9}.Release|Any CPU.ActiveCfg = Release|Any CPU
		{067B1A2B-BEAC-4AB9-AB6F-32D04BD9E4B9}.Release|Any CPU.Build.0 = Release|Any CPU
		{067B1A2B-BEAC-4AB9-AB6F-32D04BD9E4B9}.Release|x64.ActiveCfg = Release|Any CPU
		{067B1A2B-BEAC-4AB9-AB6F-32D04BD9E4B9}.Release|x64.Build.0 = Release|Any CPU
		{067B1A2B-BEAC-4AB9-AB6F-32D04BD9E4B9}.Release|x86.ActiveCfg = Release|Any CPU
		{067B1A2B-BEAC-4AB9-AB6F-32D04BD9E4B9}.Release|x86.Build.0 = Release|Any CPU
		{067B1A2B-BEAC-4AB9-AB6F-32D04BD9E4B9}.Release-Windows|Any CPU.ActiveCfg = Release|Any CPU
		{067B1A2B-BEAC-4AB9-AB6F-32D04BD9E4B9}.Release-Windows|Any CPU.Build.0 = Release|Any CPU
		{067B1A2B-BEAC-4AB9-AB6F-32D04BD9E4B9}.Release-Windows|x64.ActiveCfg = Release|Any CPU
		{067B1A2B-BEAC-4AB9-AB6F-32D04BD9E4B9}.Release-Windows|x64.Build.0 = Release|Any CPU
		{067B1A2B-BEAC-4AB9-AB6F-32D04BD9E4B9}.Release-Windows|x86.ActiveCfg = Release|Any CPU
		{067B1A2B-BEAC-4AB9-AB6F-32D04BD9E4B9}.Release-Windows|x86.Build.0 = Release|Any CPU
		{4129C713-73A7-4D2F-965A-ADB9CF3C8EF6}.Debug|Any CPU.ActiveCfg = Debug|Any CPU
		{4129C713-73A7-4D2F-965A-ADB9CF3C8EF6}.Debug|Any CPU.Build.0 = Debug|Any CPU
		{4129C713-73A7-4D2F-965A-ADB9CF3C8EF6}.Debug|x64.ActiveCfg = Debug|Any CPU
		{4129C713-73A7-4D2F-965A-ADB9CF3C8EF6}.Debug|x64.Build.0 = Debug|Any CPU
		{4129C713-73A7-4D2F-965A-ADB9CF3C8EF6}.Debug|x86.ActiveCfg = Debug|Any CPU
		{4129C713-73A7-4D2F-965A-ADB9CF3C8EF6}.Debug|x86.Build.0 = Debug|Any CPU
		{4129C713-73A7-4D2F-965A-ADB9CF3C8EF6}.Debug-Windows|Any CPU.ActiveCfg = Debug|Any CPU
		{4129C713-73A7-4D2F-965A-ADB9CF3C8EF6}.Debug-Windows|Any CPU.Build.0 = Debug|Any CPU
		{4129C713-73A7-4D2F-965A-ADB9CF3C8EF6}.Debug-Windows|x64.ActiveCfg = Debug|Any CPU
		{4129C713-73A7-4D2F-965A-ADB9CF3C8EF6}.Debug-Windows|x64.Build.0 = Debug|Any CPU
		{4129C713-73A7-4D2F-965A-ADB9CF3C8EF6}.Debug-Windows|x86.ActiveCfg = Debug|Any CPU
		{4129C713-73A7-4D2F-965A-ADB9CF3C8EF6}.Debug-Windows|x86.Build.0 = Debug|Any CPU
		{4129C713-73A7-4D2F-965A-ADB9CF3C8EF6}.Release|Any CPU.ActiveCfg = Release|Any CPU
		{4129C713-73A7-4D2F-965A-ADB9CF3C8EF6}.Release|Any CPU.Build.0 = Release|Any CPU
		{4129C713-73A7-4D2F-965A-ADB9CF3C8EF6}.Release|x64.ActiveCfg = Release|Any CPU
		{4129C713-73A7-4D2F-965A-ADB9CF3C8EF6}.Release|x64.Build.0 = Release|Any CPU
		{4129C713-73A7-4D2F-965A-ADB9CF3C8EF6}.Release|x86.ActiveCfg = Release|Any CPU
		{4129C713-73A7-4D2F-965A-ADB9CF3C8EF6}.Release|x86.Build.0 = Release|Any CPU
		{4129C713-73A7-4D2F-965A-ADB9CF3C8EF6}.Release-Windows|Any CPU.ActiveCfg = Release|Any CPU
		{4129C713-73A7-4D2F-965A-ADB9CF3C8EF6}.Release-Windows|Any CPU.Build.0 = Release|Any CPU
		{4129C713-73A7-4D2F-965A-ADB9CF3C8EF6}.Release-Windows|x64.ActiveCfg = Release|Any CPU
		{4129C713-73A7-4D2F-965A-ADB9CF3C8EF6}.Release-Windows|x64.Build.0 = Release|Any CPU
		{4129C713-73A7-4D2F-965A-ADB9CF3C8EF6}.Release-Windows|x86.ActiveCfg = Release|Any CPU
		{4129C713-73A7-4D2F-965A-ADB9CF3C8EF6}.Release-Windows|x86.Build.0 = Release|Any CPU
		{3951C396-FB54-46FF-A6AB-719E501B64C6}.Debug|Any CPU.ActiveCfg = Debug|Any CPU
		{3951C396-FB54-46FF-A6AB-719E501B64C6}.Debug|Any CPU.Build.0 = Debug|Any CPU
		{3951C396-FB54-46FF-A6AB-719E501B64C6}.Debug|x64.ActiveCfg = Debug|Any CPU
		{3951C396-FB54-46FF-A6AB-719E501B64C6}.Debug|x64.Build.0 = Debug|Any CPU
		{3951C396-FB54-46FF-A6AB-719E501B64C6}.Debug|x86.ActiveCfg = Debug|Any CPU
		{3951C396-FB54-46FF-A6AB-719E501B64C6}.Debug|x86.Build.0 = Debug|Any CPU
		{3951C396-FB54-46FF-A6AB-719E501B64C6}.Debug-Windows|Any CPU.ActiveCfg = Debug|Any CPU
		{3951C396-FB54-46FF-A6AB-719E501B64C6}.Debug-Windows|Any CPU.Build.0 = Debug|Any CPU
		{3951C396-FB54-46FF-A6AB-719E501B64C6}.Debug-Windows|x64.ActiveCfg = Debug|Any CPU
		{3951C396-FB54-46FF-A6AB-719E501B64C6}.Debug-Windows|x64.Build.0 = Debug|Any CPU
		{3951C396-FB54-46FF-A6AB-719E501B64C6}.Debug-Windows|x86.ActiveCfg = Debug|Any CPU
		{3951C396-FB54-46FF-A6AB-719E501B64C6}.Debug-Windows|x86.Build.0 = Debug|Any CPU
		{3951C396-FB54-46FF-A6AB-719E501B64C6}.Release|Any CPU.ActiveCfg = Release|Any CPU
		{3951C396-FB54-46FF-A6AB-719E501B64C6}.Release|Any CPU.Build.0 = Release|Any CPU
		{3951C396-FB54-46FF-A6AB-719E501B64C6}.Release|x64.ActiveCfg = Release|Any CPU
		{3951C396-FB54-46FF-A6AB-719E501B64C6}.Release|x64.Build.0 = Release|Any CPU
		{3951C396-FB54-46FF-A6AB-719E501B64C6}.Release|x86.ActiveCfg = Release|Any CPU
		{3951C396-FB54-46FF-A6AB-719E501B64C6}.Release|x86.Build.0 = Release|Any CPU
		{3951C396-FB54-46FF-A6AB-719E501B64C6}.Release-Windows|Any CPU.ActiveCfg = Release|Any CPU
		{3951C396-FB54-46FF-A6AB-719E501B64C6}.Release-Windows|Any CPU.Build.0 = Release|Any CPU
		{3951C396-FB54-46FF-A6AB-719E501B64C6}.Release-Windows|x64.ActiveCfg = Release|Any CPU
		{3951C396-FB54-46FF-A6AB-719E501B64C6}.Release-Windows|x64.Build.0 = Release|Any CPU
		{3951C396-FB54-46FF-A6AB-719E501B64C6}.Release-Windows|x86.ActiveCfg = Release|Any CPU
		{3951C396-FB54-46FF-A6AB-719E501B64C6}.Release-Windows|x86.Build.0 = Release|Any CPU
		{39EFF160-4296-4971-AE26-F2A6EB09EA9B}.Debug|Any CPU.ActiveCfg = Debug|Any CPU
		{39EFF160-4296-4971-AE26-F2A6EB09EA9B}.Debug|Any CPU.Build.0 = Debug|Any CPU
		{39EFF160-4296-4971-AE26-F2A6EB09EA9B}.Debug|x64.ActiveCfg = Debug|Any CPU
		{39EFF160-4296-4971-AE26-F2A6EB09EA9B}.Debug|x64.Build.0 = Debug|Any CPU
		{39EFF160-4296-4971-AE26-F2A6EB09EA9B}.Debug|x86.ActiveCfg = Debug|Any CPU
		{39EFF160-4296-4971-AE26-F2A6EB09EA9B}.Debug|x86.Build.0 = Debug|Any CPU
		{39EFF160-4296-4971-AE26-F2A6EB09EA9B}.Debug-Windows|Any CPU.ActiveCfg = Debug|Any CPU
		{39EFF160-4296-4971-AE26-F2A6EB09EA9B}.Debug-Windows|Any CPU.Build.0 = Debug|Any CPU
		{39EFF160-4296-4971-AE26-F2A6EB09EA9B}.Debug-Windows|x64.ActiveCfg = Debug|Any CPU
		{39EFF160-4296-4971-AE26-F2A6EB09EA9B}.Debug-Windows|x64.Build.0 = Debug|Any CPU
		{39EFF160-4296-4971-AE26-F2A6EB09EA9B}.Debug-Windows|x86.ActiveCfg = Debug|Any CPU
		{39EFF160-4296-4971-AE26-F2A6EB09EA9B}.Debug-Windows|x86.Build.0 = Debug|Any CPU
		{39EFF160-4296-4971-AE26-F2A6EB09EA9B}.Release|Any CPU.ActiveCfg = Release|Any CPU
		{39EFF160-4296-4971-AE26-F2A6EB09EA9B}.Release|Any CPU.Build.0 = Release|Any CPU
		{39EFF160-4296-4971-AE26-F2A6EB09EA9B}.Release|x64.ActiveCfg = Release|Any CPU
		{39EFF160-4296-4971-AE26-F2A6EB09EA9B}.Release|x64.Build.0 = Release|Any CPU
		{39EFF160-4296-4971-AE26-F2A6EB09EA9B}.Release|x86.ActiveCfg = Release|Any CPU
		{39EFF160-4296-4971-AE26-F2A6EB09EA9B}.Release|x86.Build.0 = Release|Any CPU
		{39EFF160-4296-4971-AE26-F2A6EB09EA9B}.Release-Windows|Any CPU.ActiveCfg = Release|Any CPU
		{39EFF160-4296-4971-AE26-F2A6EB09EA9B}.Release-Windows|Any CPU.Build.0 = Release|Any CPU
		{39EFF160-4296-4971-AE26-F2A6EB09EA9B}.Release-Windows|x64.ActiveCfg = Release|Any CPU
		{39EFF160-4296-4971-AE26-F2A6EB09EA9B}.Release-Windows|x64.Build.0 = Release|Any CPU
		{39EFF160-4296-4971-AE26-F2A6EB09EA9B}.Release-Windows|x86.ActiveCfg = Release|Any CPU
		{39EFF160-4296-4971-AE26-F2A6EB09EA9B}.Release-Windows|x86.Build.0 = Release|Any CPU
		{87ED1AC0-2A07-4D12-AC18-21192B8A1ED1}.Debug|Any CPU.ActiveCfg = Debug|Any CPU
		{87ED1AC0-2A07-4D12-AC18-21192B8A1ED1}.Debug|Any CPU.Build.0 = Debug|Any CPU
		{87ED1AC0-2A07-4D12-AC18-21192B8A1ED1}.Debug|x64.ActiveCfg = Debug|Any CPU
		{87ED1AC0-2A07-4D12-AC18-21192B8A1ED1}.Debug|x64.Build.0 = Debug|Any CPU
		{87ED1AC0-2A07-4D12-AC18-21192B8A1ED1}.Debug|x86.ActiveCfg = Debug|Any CPU
		{87ED1AC0-2A07-4D12-AC18-21192B8A1ED1}.Debug|x86.Build.0 = Debug|Any CPU
		{87ED1AC0-2A07-4D12-AC18-21192B8A1ED1}.Debug-Windows|Any CPU.ActiveCfg = Debug|Any CPU
		{87ED1AC0-2A07-4D12-AC18-21192B8A1ED1}.Debug-Windows|Any CPU.Build.0 = Debug|Any CPU
		{87ED1AC0-2A07-4D12-AC18-21192B8A1ED1}.Debug-Windows|x64.ActiveCfg = Debug|Any CPU
		{87ED1AC0-2A07-4D12-AC18-21192B8A1ED1}.Debug-Windows|x64.Build.0 = Debug|Any CPU
		{87ED1AC0-2A07-4D12-AC18-21192B8A1ED1}.Debug-Windows|x86.ActiveCfg = Debug|Any CPU
		{87ED1AC0-2A07-4D12-AC18-21192B8A1ED1}.Debug-Windows|x86.Build.0 = Debug|Any CPU
		{87ED1AC0-2A07-4D12-AC18-21192B8A1ED1}.Release|Any CPU.ActiveCfg = Release|Any CPU
		{87ED1AC0-2A07-4D12-AC18-21192B8A1ED1}.Release|Any CPU.Build.0 = Release|Any CPU
		{87ED1AC0-2A07-4D12-AC18-21192B8A1ED1}.Release|x64.ActiveCfg = Release|Any CPU
		{87ED1AC0-2A07-4D12-AC18-21192B8A1ED1}.Release|x64.Build.0 = Release|Any CPU
		{87ED1AC0-2A07-4D12-AC18-21192B8A1ED1}.Release|x86.ActiveCfg = Release|Any CPU
		{87ED1AC0-2A07-4D12-AC18-21192B8A1ED1}.Release|x86.Build.0 = Release|Any CPU
		{87ED1AC0-2A07-4D12-AC18-21192B8A1ED1}.Release-Windows|Any CPU.ActiveCfg = Release|Any CPU
		{87ED1AC0-2A07-4D12-AC18-21192B8A1ED1}.Release-Windows|Any CPU.Build.0 = Release|Any CPU
		{87ED1AC0-2A07-4D12-AC18-21192B8A1ED1}.Release-Windows|x64.ActiveCfg = Release|Any CPU
		{87ED1AC0-2A07-4D12-AC18-21192B8A1ED1}.Release-Windows|x64.Build.0 = Release|Any CPU
		{87ED1AC0-2A07-4D12-AC18-21192B8A1ED1}.Release-Windows|x86.ActiveCfg = Release|Any CPU
		{87ED1AC0-2A07-4D12-AC18-21192B8A1ED1}.Release-Windows|x86.Build.0 = Release|Any CPU
		{A1F3D0D7-35DC-41C5-8CE4-A78712D834B5}.Debug|Any CPU.ActiveCfg = Debug|Any CPU
		{A1F3D0D7-35DC-41C5-8CE4-A78712D834B5}.Debug|Any CPU.Build.0 = Debug|Any CPU
		{A1F3D0D7-35DC-41C5-8CE4-A78712D834B5}.Debug|x64.ActiveCfg = Debug|Any CPU
		{A1F3D0D7-35DC-41C5-8CE4-A78712D834B5}.Debug|x64.Build.0 = Debug|Any CPU
		{A1F3D0D7-35DC-41C5-8CE4-A78712D834B5}.Debug|x86.ActiveCfg = Debug|Any CPU
		{A1F3D0D7-35DC-41C5-8CE4-A78712D834B5}.Debug|x86.Build.0 = Debug|Any CPU
		{A1F3D0D7-35DC-41C5-8CE4-A78712D834B5}.Debug-Windows|Any CPU.ActiveCfg = Debug|Any CPU
		{A1F3D0D7-35DC-41C5-8CE4-A78712D834B5}.Debug-Windows|Any CPU.Build.0 = Debug|Any CPU
		{A1F3D0D7-35DC-41C5-8CE4-A78712D834B5}.Debug-Windows|x64.ActiveCfg = Debug|Any CPU
		{A1F3D0D7-35DC-41C5-8CE4-A78712D834B5}.Debug-Windows|x64.Build.0 = Debug|Any CPU
		{A1F3D0D7-35DC-41C5-8CE4-A78712D834B5}.Debug-Windows|x86.ActiveCfg = Debug|Any CPU
		{A1F3D0D7-35DC-41C5-8CE4-A78712D834B5}.Debug-Windows|x86.Build.0 = Debug|Any CPU
		{A1F3D0D7-35DC-41C5-8CE4-A78712D834B5}.Release|Any CPU.ActiveCfg = Release|Any CPU
		{A1F3D0D7-35DC-41C5-8CE4-A78712D834B5}.Release|Any CPU.Build.0 = Release|Any CPU
		{A1F3D0D7-35DC-41C5-8CE4-A78712D834B5}.Release|x64.ActiveCfg = Release|Any CPU
		{A1F3D0D7-35DC-41C5-8CE4-A78712D834B5}.Release|x64.Build.0 = Release|Any CPU
		{A1F3D0D7-35DC-41C5-8CE4-A78712D834B5}.Release|x86.ActiveCfg = Release|Any CPU
		{A1F3D0D7-35DC-41C5-8CE4-A78712D834B5}.Release|x86.Build.0 = Release|Any CPU
		{A1F3D0D7-35DC-41C5-8CE4-A78712D834B5}.Release-Windows|Any CPU.ActiveCfg = Release|Any CPU
		{A1F3D0D7-35DC-41C5-8CE4-A78712D834B5}.Release-Windows|Any CPU.Build.0 = Release|Any CPU
		{A1F3D0D7-35DC-41C5-8CE4-A78712D834B5}.Release-Windows|x64.ActiveCfg = Release|Any CPU
		{A1F3D0D7-35DC-41C5-8CE4-A78712D834B5}.Release-Windows|x64.Build.0 = Release|Any CPU
		{A1F3D0D7-35DC-41C5-8CE4-A78712D834B5}.Release-Windows|x86.ActiveCfg = Release|Any CPU
		{A1F3D0D7-35DC-41C5-8CE4-A78712D834B5}.Release-Windows|x86.Build.0 = Release|Any CPU
		{0F498FD3-17F1-47DB-BAFF-42409E0A0E15}.Debug|Any CPU.ActiveCfg = Debug|Any CPU
		{0F498FD3-17F1-47DB-BAFF-42409E0A0E15}.Debug|Any CPU.Build.0 = Debug|Any CPU
		{0F498FD3-17F1-47DB-BAFF-42409E0A0E15}.Debug|x64.ActiveCfg = Debug|Any CPU
		{0F498FD3-17F1-47DB-BAFF-42409E0A0E15}.Debug|x64.Build.0 = Debug|Any CPU
		{0F498FD3-17F1-47DB-BAFF-42409E0A0E15}.Debug|x86.ActiveCfg = Debug|Any CPU
		{0F498FD3-17F1-47DB-BAFF-42409E0A0E15}.Debug|x86.Build.0 = Debug|Any CPU
		{0F498FD3-17F1-47DB-BAFF-42409E0A0E15}.Debug-Windows|Any CPU.ActiveCfg = Debug|Any CPU
		{0F498FD3-17F1-47DB-BAFF-42409E0A0E15}.Debug-Windows|Any CPU.Build.0 = Debug|Any CPU
		{0F498FD3-17F1-47DB-BAFF-42409E0A0E15}.Debug-Windows|x64.ActiveCfg = Debug|Any CPU
		{0F498FD3-17F1-47DB-BAFF-42409E0A0E15}.Debug-Windows|x64.Build.0 = Debug|Any CPU
		{0F498FD3-17F1-47DB-BAFF-42409E0A0E15}.Debug-Windows|x86.ActiveCfg = Debug|Any CPU
		{0F498FD3-17F1-47DB-BAFF-42409E0A0E15}.Debug-Windows|x86.Build.0 = Debug|Any CPU
		{0F498FD3-17F1-47DB-BAFF-42409E0A0E15}.Release|Any CPU.ActiveCfg = Release|Any CPU
		{0F498FD3-17F1-47DB-BAFF-42409E0A0E15}.Release|Any CPU.Build.0 = Release|Any CPU
		{0F498FD3-17F1-47DB-BAFF-42409E0A0E15}.Release|x64.ActiveCfg = Release|Any CPU
		{0F498FD3-17F1-47DB-BAFF-42409E0A0E15}.Release|x64.Build.0 = Release|Any CPU
		{0F498FD3-17F1-47DB-BAFF-42409E0A0E15}.Release|x86.ActiveCfg = Release|Any CPU
		{0F498FD3-17F1-47DB-BAFF-42409E0A0E15}.Release|x86.Build.0 = Release|Any CPU
		{0F498FD3-17F1-47DB-BAFF-42409E0A0E15}.Release-Windows|Any CPU.ActiveCfg = Release|Any CPU
		{0F498FD3-17F1-47DB-BAFF-42409E0A0E15}.Release-Windows|Any CPU.Build.0 = Release|Any CPU
		{0F498FD3-17F1-47DB-BAFF-42409E0A0E15}.Release-Windows|x64.ActiveCfg = Release|Any CPU
		{0F498FD3-17F1-47DB-BAFF-42409E0A0E15}.Release-Windows|x64.Build.0 = Release|Any CPU
		{0F498FD3-17F1-47DB-BAFF-42409E0A0E15}.Release-Windows|x86.ActiveCfg = Release|Any CPU
		{0F498FD3-17F1-47DB-BAFF-42409E0A0E15}.Release-Windows|x86.Build.0 = Release|Any CPU
		{5C2FE19E-4C40-4F1A-B61D-A891A75B7BD9}.Debug|Any CPU.ActiveCfg = Debug|Any CPU
		{5C2FE19E-4C40-4F1A-B61D-A891A75B7BD9}.Debug|Any CPU.Build.0 = Debug|Any CPU
		{5C2FE19E-4C40-4F1A-B61D-A891A75B7BD9}.Debug|x64.ActiveCfg = Debug|Any CPU
		{5C2FE19E-4C40-4F1A-B61D-A891A75B7BD9}.Debug|x64.Build.0 = Debug|Any CPU
		{5C2FE19E-4C40-4F1A-B61D-A891A75B7BD9}.Debug|x86.ActiveCfg = Debug|Any CPU
		{5C2FE19E-4C40-4F1A-B61D-A891A75B7BD9}.Debug|x86.Build.0 = Debug|Any CPU
		{5C2FE19E-4C40-4F1A-B61D-A891A75B7BD9}.Debug-Windows|Any CPU.ActiveCfg = Debug|Any CPU
		{5C2FE19E-4C40-4F1A-B61D-A891A75B7BD9}.Debug-Windows|Any CPU.Build.0 = Debug|Any CPU
		{5C2FE19E-4C40-4F1A-B61D-A891A75B7BD9}.Debug-Windows|x64.ActiveCfg = Debug|Any CPU
		{5C2FE19E-4C40-4F1A-B61D-A891A75B7BD9}.Debug-Windows|x64.Build.0 = Debug|Any CPU
		{5C2FE19E-4C40-4F1A-B61D-A891A75B7BD9}.Debug-Windows|x86.ActiveCfg = Debug|Any CPU
		{5C2FE19E-4C40-4F1A-B61D-A891A75B7BD9}.Debug-Windows|x86.Build.0 = Debug|Any CPU
		{5C2FE19E-4C40-4F1A-B61D-A891A75B7BD9}.Release|Any CPU.ActiveCfg = Release|Any CPU
		{5C2FE19E-4C40-4F1A-B61D-A891A75B7BD9}.Release|Any CPU.Build.0 = Release|Any CPU
		{5C2FE19E-4C40-4F1A-B61D-A891A75B7BD9}.Release|x64.ActiveCfg = Release|Any CPU
		{5C2FE19E-4C40-4F1A-B61D-A891A75B7BD9}.Release|x64.Build.0 = Release|Any CPU
		{5C2FE19E-4C40-4F1A-B61D-A891A75B7BD9}.Release|x86.ActiveCfg = Release|Any CPU
		{5C2FE19E-4C40-4F1A-B61D-A891A75B7BD9}.Release|x86.Build.0 = Release|Any CPU
		{5C2FE19E-4C40-4F1A-B61D-A891A75B7BD9}.Release-Windows|Any CPU.ActiveCfg = Release|Any CPU
		{5C2FE19E-4C40-4F1A-B61D-A891A75B7BD9}.Release-Windows|Any CPU.Build.0 = Release|Any CPU
		{5C2FE19E-4C40-4F1A-B61D-A891A75B7BD9}.Release-Windows|x64.ActiveCfg = Release|Any CPU
		{5C2FE19E-4C40-4F1A-B61D-A891A75B7BD9}.Release-Windows|x64.Build.0 = Release|Any CPU
		{5C2FE19E-4C40-4F1A-B61D-A891A75B7BD9}.Release-Windows|x86.ActiveCfg = Release|Any CPU
		{5C2FE19E-4C40-4F1A-B61D-A891A75B7BD9}.Release-Windows|x86.Build.0 = Release|Any CPU
		{A3E17EBA-F470-48B8-A852-C5CF2FE237A9}.Debug|Any CPU.ActiveCfg = Debug|Any CPU
		{A3E17EBA-F470-48B8-A852-C5CF2FE237A9}.Debug|Any CPU.Build.0 = Debug|Any CPU
		{A3E17EBA-F470-48B8-A852-C5CF2FE237A9}.Debug|x64.ActiveCfg = Debug|Any CPU
		{A3E17EBA-F470-48B8-A852-C5CF2FE237A9}.Debug|x64.Build.0 = Debug|Any CPU
		{A3E17EBA-F470-48B8-A852-C5CF2FE237A9}.Debug|x86.ActiveCfg = Debug|Any CPU
		{A3E17EBA-F470-48B8-A852-C5CF2FE237A9}.Debug|x86.Build.0 = Debug|Any CPU
		{A3E17EBA-F470-48B8-A852-C5CF2FE237A9}.Debug-Windows|Any CPU.ActiveCfg = Debug|Any CPU
		{A3E17EBA-F470-48B8-A852-C5CF2FE237A9}.Debug-Windows|Any CPU.Build.0 = Debug|Any CPU
		{A3E17EBA-F470-48B8-A852-C5CF2FE237A9}.Debug-Windows|x64.ActiveCfg = Debug|Any CPU
		{A3E17EBA-F470-48B8-A852-C5CF2FE237A9}.Debug-Windows|x64.Build.0 = Debug|Any CPU
		{A3E17EBA-F470-48B8-A852-C5CF2FE237A9}.Debug-Windows|x86.ActiveCfg = Debug|Any CPU
		{A3E17EBA-F470-48B8-A852-C5CF2FE237A9}.Debug-Windows|x86.Build.0 = Debug|Any CPU
		{A3E17EBA-F470-48B8-A852-C5CF2FE237A9}.Release|Any CPU.ActiveCfg = Release|Any CPU
		{A3E17EBA-F470-48B8-A852-C5CF2FE237A9}.Release|Any CPU.Build.0 = Release|Any CPU
		{A3E17EBA-F470-48B8-A852-C5CF2FE237A9}.Release|x64.ActiveCfg = Release|Any CPU
		{A3E17EBA-F470-48B8-A852-C5CF2FE237A9}.Release|x64.Build.0 = Release|Any CPU
		{A3E17EBA-F470-48B8-A852-C5CF2FE237A9}.Release|x86.ActiveCfg = Release|Any CPU
		{A3E17EBA-F470-48B8-A852-C5CF2FE237A9}.Release|x86.Build.0 = Release|Any CPU
		{A3E17EBA-F470-48B8-A852-C5CF2FE237A9}.Release-Windows|Any CPU.ActiveCfg = Release|Any CPU
		{A3E17EBA-F470-48B8-A852-C5CF2FE237A9}.Release-Windows|Any CPU.Build.0 = Release|Any CPU
		{A3E17EBA-F470-48B8-A852-C5CF2FE237A9}.Release-Windows|x64.ActiveCfg = Release|Any CPU
		{A3E17EBA-F470-48B8-A852-C5CF2FE237A9}.Release-Windows|x64.Build.0 = Release|Any CPU
		{A3E17EBA-F470-48B8-A852-C5CF2FE237A9}.Release-Windows|x86.ActiveCfg = Release|Any CPU
		{A3E17EBA-F470-48B8-A852-C5CF2FE237A9}.Release-Windows|x86.Build.0 = Release|Any CPU
		{F6BC49C9-FDE7-4BFF-BB02-1BFEEF16D074}.Debug|Any CPU.ActiveCfg = Debug|Any CPU
		{F6BC49C9-FDE7-4BFF-BB02-1BFEEF16D074}.Debug|Any CPU.Build.0 = Debug|Any CPU
		{F6BC49C9-FDE7-4BFF-BB02-1BFEEF16D074}.Debug|x64.ActiveCfg = Debug|Any CPU
		{F6BC49C9-FDE7-4BFF-BB02-1BFEEF16D074}.Debug|x64.Build.0 = Debug|Any CPU
		{F6BC49C9-FDE7-4BFF-BB02-1BFEEF16D074}.Debug|x86.ActiveCfg = Debug|Any CPU
		{F6BC49C9-FDE7-4BFF-BB02-1BFEEF16D074}.Debug|x86.Build.0 = Debug|Any CPU
		{F6BC49C9-FDE7-4BFF-BB02-1BFEEF16D074}.Debug-Windows|Any CPU.ActiveCfg = Debug|Any CPU
		{F6BC49C9-FDE7-4BFF-BB02-1BFEEF16D074}.Debug-Windows|Any CPU.Build.0 = Debug|Any CPU
		{F6BC49C9-FDE7-4BFF-BB02-1BFEEF16D074}.Debug-Windows|x64.ActiveCfg = Debug|Any CPU
		{F6BC49C9-FDE7-4BFF-BB02-1BFEEF16D074}.Debug-Windows|x64.Build.0 = Debug|Any CPU
		{F6BC49C9-FDE7-4BFF-BB02-1BFEEF16D074}.Debug-Windows|x86.ActiveCfg = Debug|Any CPU
		{F6BC49C9-FDE7-4BFF-BB02-1BFEEF16D074}.Debug-Windows|x86.Build.0 = Debug|Any CPU
		{F6BC49C9-FDE7-4BFF-BB02-1BFEEF16D074}.Release|Any CPU.ActiveCfg = Release|Any CPU
		{F6BC49C9-FDE7-4BFF-BB02-1BFEEF16D074}.Release|Any CPU.Build.0 = Release|Any CPU
		{F6BC49C9-FDE7-4BFF-BB02-1BFEEF16D074}.Release|x64.ActiveCfg = Release|Any CPU
		{F6BC49C9-FDE7-4BFF-BB02-1BFEEF16D074}.Release|x64.Build.0 = Release|Any CPU
		{F6BC49C9-FDE7-4BFF-BB02-1BFEEF16D074}.Release|x86.ActiveCfg = Release|Any CPU
		{F6BC49C9-FDE7-4BFF-BB02-1BFEEF16D074}.Release|x86.Build.0 = Release|Any CPU
		{F6BC49C9-FDE7-4BFF-BB02-1BFEEF16D074}.Release-Windows|Any CPU.ActiveCfg = Release|Any CPU
		{F6BC49C9-FDE7-4BFF-BB02-1BFEEF16D074}.Release-Windows|Any CPU.Build.0 = Release|Any CPU
		{F6BC49C9-FDE7-4BFF-BB02-1BFEEF16D074}.Release-Windows|x64.ActiveCfg = Release|Any CPU
		{F6BC49C9-FDE7-4BFF-BB02-1BFEEF16D074}.Release-Windows|x64.Build.0 = Release|Any CPU
		{F6BC49C9-FDE7-4BFF-BB02-1BFEEF16D074}.Release-Windows|x86.ActiveCfg = Release|Any CPU
		{F6BC49C9-FDE7-4BFF-BB02-1BFEEF16D074}.Release-Windows|x86.Build.0 = Release|Any CPU
	EndGlobalSection
	GlobalSection(SolutionProperties) = preSolution
		HideSolutionNode = FALSE
	EndGlobalSection
	GlobalSection(NestedProjects) = preSolution
		{6EB88C23-2C39-4FEF-8898-A52E73A94297} = {3A1CF434-009B-414F-9F21-3F7FDEAA5B6B}
		{A02FA12D-2CE7-4B2B-859E-0D0F34C25CBB} = {3A1CF434-009B-414F-9F21-3F7FDEAA5B6B}
		{25FA61DA-736D-40C4-81E9-903CEBF298B7} = {3A1CF434-009B-414F-9F21-3F7FDEAA5B6B}
		{CC31A92C-1E39-4324-8511-1DD1B1DF4852} = {3A1CF434-009B-414F-9F21-3F7FDEAA5B6B}
		{B01204B0-AAEA-45D9-88CA-6BADFC7F327E} = {3A1CF434-009B-414F-9F21-3F7FDEAA5B6B}
		{DC71088F-431B-4B04-BBAB-816DD8D1C69E} = {3A1CF434-009B-414F-9F21-3F7FDEAA5B6B}
		{BAB8DE6E-DBDA-42BB-BEE1-4EC2A15D19A6} = {3A1CF434-009B-414F-9F21-3F7FDEAA5B6B}
		{7663CCA0-4FA4-4250-BE41-9DBF252CD0B5} = {3A1CF434-009B-414F-9F21-3F7FDEAA5B6B}
		{83E7004B-9874-4094-A524-64A43B3ED2D8} = {3A1CF434-009B-414F-9F21-3F7FDEAA5B6B}
		{9E0B9CF6-FF9F-4911-92E2-2CD1798FD965} = {7E70A1A2-467E-464D-83D1-5DFE2377D478}
		{75613D62-6894-4F2C-8F6E-D89C8D3FD328} = {3A1CF434-009B-414F-9F21-3F7FDEAA5B6B}
		{7C76AFB5-E3D4-49DA-9B8F-31B5CEC8F374} = {3A1CF434-009B-414F-9F21-3F7FDEAA5B6B}
		{AC6BAA00-316E-4B59-9955-6DA8618745BF} = {3A1CF434-009B-414F-9F21-3F7FDEAA5B6B}
		{067B1A2B-BEAC-4AB9-AB6F-32D04BD9E4B9} = {3A1CF434-009B-414F-9F21-3F7FDEAA5B6B}
		{4129C713-73A7-4D2F-965A-ADB9CF3C8EF6} = {7E70A1A2-467E-464D-83D1-5DFE2377D478}
		{3951C396-FB54-46FF-A6AB-719E501B64C6} = {3A1CF434-009B-414F-9F21-3F7FDEAA5B6B}
		{39EFF160-4296-4971-AE26-F2A6EB09EA9B} = {3A1CF434-009B-414F-9F21-3F7FDEAA5B6B}
		{87ED1AC0-2A07-4D12-AC18-21192B8A1ED1} = {3A1CF434-009B-414F-9F21-3F7FDEAA5B6B}
		{A1F3D0D7-35DC-41C5-8CE4-A78712D834B5} = {3A1CF434-009B-414F-9F21-3F7FDEAA5B6B}
		{0F498FD3-17F1-47DB-BAFF-42409E0A0E15} = {3A1CF434-009B-414F-9F21-3F7FDEAA5B6B}
		{5C2FE19E-4C40-4F1A-B61D-A891A75B7BD9} = {3A1CF434-009B-414F-9F21-3F7FDEAA5B6B}
		{A3E17EBA-F470-48B8-A852-C5CF2FE237A9} = {3A1CF434-009B-414F-9F21-3F7FDEAA5B6B}
		{F6BC49C9-FDE7-4BFF-BB02-1BFEEF16D074} = {3A1CF434-009B-414F-9F21-3F7FDEAA5B6B}
	EndGlobalSection
	GlobalSection(ExtensibilityGlobals) = postSolution
		SolutionGuid = {BD2AFA89-4002-44D6-99E4-48E735D26B8C}
	EndGlobalSection
EndGlobal
