
Microsoft Visual Studio Solution File, Format Version 12.00
# Visual Studio Version 16
VisualStudioVersion = 16.0.28729.10
MinimumVisualStudioVersion = 10.0.40219.1
Project("{2150E333-8FDC-42A3-9474-1A3956D46DE8}") = "Solution Items", "Solution Items", "{4BBCEB98-C14E-4050-BA7A-C26E3C7F6540}"
	ProjectSection(SolutionItems) = preProject
		.editorconfig = .editorconfig
		.gitignore = .gitignore
		azure-pipelines.yml = azure-pipelines.yml
		CODE_OF_CONDUCT.md = CODE_OF_CONDUCT.md
		CONTRIBUTING.md = CONTRIBUTING.md
		F# Logo.png = F# Logo.png
		GOALS_AND_PURPOSE.md = GOALS_AND_PURPOSE.md
		LICENSE = LICENSE
		Logo.png = Logo.png
		README.md = README.md
	EndProjectSection
EndProject
Project("{9A19103F-16F7-4668-BE54-9A1E7A4F7556}") = "Documentation", "Documentation\Documentation.csproj", "{AD97E479-2F7E-454B-9620-D3440138E6D3}"
EndProject
Project("{9A19103F-16F7-4668-BE54-9A1E7A4F7556}") = "Extensions", "Extensions\Extensions.csproj", "{A8A421C2-FE6B-4F34-8A32-6515657599C9}"
EndProject
Project("{6EC3EE1D-3C4E-46DD-8F32-0CC8E7565705}") = "Extensions.FSharp", "Extensions.FSharp\Extensions.FSharp.fsproj", "{F96F9790-D612-48F2-B990-FE696090E2B6}"
EndProject
Project("{9A19103F-16F7-4668-BE54-9A1E7A4F7556}") = "Benchmarks", "Benchmarks\Benchmarks.csproj", "{10BE9696-6EF2-40F6-A864-8540669A31B7}"
EndProject
Project("{9A19103F-16F7-4668-BE54-9A1E7A4F7556}") = "Patterns", "Patterns\Patterns.csproj", "{D1CC659D-1CEE-46F7-B0BE-CCBE9F5102D7}"
EndProject
Project("{9A19103F-16F7-4668-BE54-9A1E7A4F7556}") = "Core", "Core\Core.csproj", "{EA4BD5B8-5B81-4C8F-A494-D365F7F8A4C4}"
EndProject
Project("{9A19103F-16F7-4668-BE54-9A1E7A4F7556}") = "Patterns.MSTest", "Patterns.MSTest\Patterns.MSTest.csproj", "{1B3EDF55-DC47-4B00-BF5D-8651EE412BED}"
EndProject
Project("{6EC3EE1D-3C4E-46DD-8F32-0CC8E7565705}") = "Patterns.FSharp", "Patterns.FSharp\Patterns.FSharp.fsproj", "{7A1592A8-DDC9-4B9B-B51F-797820346340}"
EndProject
Project("{9A19103F-16F7-4668-BE54-9A1E7A4F7556}") = "Gibberish", "Gibberish\Gibberish.csproj", "{6FABF670-7352-4957-A76E-6E8814A300D3}"
EndProject
Project("{9A19103F-16F7-4668-BE54-9A1E7A4F7556}") = "Stringier", "Stringier\Stringier.csproj", "{3A854292-F9F1-4841-811C-A3696A8D9E0C}"
EndProject
Project("{9A19103F-16F7-4668-BE54-9A1E7A4F7556}") = "Patterns.Tracing", "Patterns.Tracing\Patterns.Tracing.csproj", "{CADA6B63-4657-4DA9-9C48-1AA4A4699E85}"
EndProject
Project("{2150E333-8FDC-42A3-9474-1A3956D46DE8}") = "Tools", "Tools", "{B5DD7B0B-664D-4374-A25B-F0F28C8DD4AC}"
EndProject
Project("{9A19103F-16F7-4668-BE54-9A1E7A4F7556}") = "ptndbg", "ptndbg\ptndbg.csproj", "{67BE0AEB-C285-4B24-B366-A1564F0ED3E4}"
EndProject
Project("{9A19103F-16F7-4668-BE54-9A1E7A4F7556}") = "Patterns.NUnit", "Patterns.NUnit\Patterns.NUnit.csproj", "{7D9EC421-BF5E-4202-BFBC-EA052366F66A}"
EndProject
Project("{6EC3EE1D-3C4E-46DD-8F32-0CC8E7565705}") = "Core.FSharp", "Core.FSharp\Core.FSharp.fsproj", "{555C068A-9D4B-4AE4-9BFF-2E5B4F66D6BD}"
EndProject
Project("{9A19103F-16F7-4668-BE54-9A1E7A4F7556}") = "Benchmarks.Tests", "Benchmarks.Tests\Benchmarks.Tests.csproj", "{F407B041-B597-4B0A-B048-B2FC23127A37}"
EndProject
Project("{6EC3EE1D-3C4E-46DD-8F32-0CC8E7565705}") = "Core.Tests", "Core.Tests\Core.Tests.fsproj", "{898E2E49-B16C-470B-B352-6448B151572A}"
EndProject
Project("{6EC3EE1D-3C4E-46DD-8F32-0CC8E7565705}") = "Extensions.Tests", "Extensions.Tests\Extensions.Tests.fsproj", "{7AA7E76E-2923-4D0E-898E-EB689BAC8189}"
EndProject
Project("{6EC3EE1D-3C4E-46DD-8F32-0CC8E7565705}") = "Patterns.Tests", "Patterns.Tests\Patterns.Tests.fsproj", "{A5430006-08F8-4A16-A241-91E80EEDD63E}"
EndProject
Project("{6EC3EE1D-3C4E-46DD-8F32-0CC8E7565705}") = "Patterns.Tracing.Tests", "Patterns.Tracing.Tests\Patterns.Tracing.Tests.fsproj", "{A7001924-EFE6-46D5-89BE-96EC1C8DFE7B}"
EndProject
Global
	GlobalSection(SolutionConfigurationPlatforms) = preSolution
		Debug|Any CPU = Debug|Any CPU
		Debug-LowTrust|Any CPU = Debug-LowTrust|Any CPU
		Release|Any CPU = Release|Any CPU
		Release-LowTrust|Any CPU = Release-LowTrust|Any CPU
	EndGlobalSection
	GlobalSection(ProjectConfigurationPlatforms) = postSolution
		{AD97E479-2F7E-454B-9620-D3440138E6D3}.Debug|Any CPU.ActiveCfg = Debug|Any CPU
		{AD97E479-2F7E-454B-9620-D3440138E6D3}.Debug|Any CPU.Build.0 = Debug|Any CPU
		{AD97E479-2F7E-454B-9620-D3440138E6D3}.Debug-LowTrust|Any CPU.ActiveCfg = Debug|Any CPU
		{AD97E479-2F7E-454B-9620-D3440138E6D3}.Debug-LowTrust|Any CPU.Build.0 = Debug|Any CPU
		{AD97E479-2F7E-454B-9620-D3440138E6D3}.Release|Any CPU.ActiveCfg = Release|Any CPU
		{AD97E479-2F7E-454B-9620-D3440138E6D3}.Release|Any CPU.Build.0 = Release|Any CPU
		{AD97E479-2F7E-454B-9620-D3440138E6D3}.Release-LowTrust|Any CPU.ActiveCfg = Release|Any CPU
		{AD97E479-2F7E-454B-9620-D3440138E6D3}.Release-LowTrust|Any CPU.Build.0 = Release|Any CPU
		{A8A421C2-FE6B-4F34-8A32-6515657599C9}.Debug|Any CPU.ActiveCfg = Debug|Any CPU
		{A8A421C2-FE6B-4F34-8A32-6515657599C9}.Debug|Any CPU.Build.0 = Debug|Any CPU
		{A8A421C2-FE6B-4F34-8A32-6515657599C9}.Debug-LowTrust|Any CPU.ActiveCfg = Debug|Any CPU
		{A8A421C2-FE6B-4F34-8A32-6515657599C9}.Debug-LowTrust|Any CPU.Build.0 = Debug|Any CPU
		{A8A421C2-FE6B-4F34-8A32-6515657599C9}.Release|Any CPU.ActiveCfg = Release|Any CPU
		{A8A421C2-FE6B-4F34-8A32-6515657599C9}.Release|Any CPU.Build.0 = Release|Any CPU
		{A8A421C2-FE6B-4F34-8A32-6515657599C9}.Release-LowTrust|Any CPU.ActiveCfg = Release|Any CPU
		{A8A421C2-FE6B-4F34-8A32-6515657599C9}.Release-LowTrust|Any CPU.Build.0 = Release|Any CPU
		{F96F9790-D612-48F2-B990-FE696090E2B6}.Debug|Any CPU.ActiveCfg = Debug|Any CPU
		{F96F9790-D612-48F2-B990-FE696090E2B6}.Debug|Any CPU.Build.0 = Debug|Any CPU
		{F96F9790-D612-48F2-B990-FE696090E2B6}.Debug-LowTrust|Any CPU.ActiveCfg = Debug|Any CPU
		{F96F9790-D612-48F2-B990-FE696090E2B6}.Debug-LowTrust|Any CPU.Build.0 = Debug|Any CPU
		{F96F9790-D612-48F2-B990-FE696090E2B6}.Release|Any CPU.ActiveCfg = Release|Any CPU
		{F96F9790-D612-48F2-B990-FE696090E2B6}.Release|Any CPU.Build.0 = Release|Any CPU
		{F96F9790-D612-48F2-B990-FE696090E2B6}.Release-LowTrust|Any CPU.ActiveCfg = Release|Any CPU
		{F96F9790-D612-48F2-B990-FE696090E2B6}.Release-LowTrust|Any CPU.Build.0 = Release|Any CPU
		{10BE9696-6EF2-40F6-A864-8540669A31B7}.Debug|Any CPU.ActiveCfg = Debug|Any CPU
		{10BE9696-6EF2-40F6-A864-8540669A31B7}.Debug|Any CPU.Build.0 = Debug|Any CPU
		{10BE9696-6EF2-40F6-A864-8540669A31B7}.Debug-LowTrust|Any CPU.ActiveCfg = Debug|Any CPU
		{10BE9696-6EF2-40F6-A864-8540669A31B7}.Debug-LowTrust|Any CPU.Build.0 = Debug|Any CPU
		{10BE9696-6EF2-40F6-A864-8540669A31B7}.Release|Any CPU.ActiveCfg = Release|Any CPU
		{10BE9696-6EF2-40F6-A864-8540669A31B7}.Release|Any CPU.Build.0 = Release|Any CPU
		{10BE9696-6EF2-40F6-A864-8540669A31B7}.Release-LowTrust|Any CPU.ActiveCfg = Release|Any CPU
		{10BE9696-6EF2-40F6-A864-8540669A31B7}.Release-LowTrust|Any CPU.Build.0 = Release|Any CPU
		{D1CC659D-1CEE-46F7-B0BE-CCBE9F5102D7}.Debug|Any CPU.ActiveCfg = Debug|Any CPU
		{D1CC659D-1CEE-46F7-B0BE-CCBE9F5102D7}.Debug|Any CPU.Build.0 = Debug|Any CPU
		{D1CC659D-1CEE-46F7-B0BE-CCBE9F5102D7}.Debug-LowTrust|Any CPU.ActiveCfg = Debug|Any CPU
		{D1CC659D-1CEE-46F7-B0BE-CCBE9F5102D7}.Debug-LowTrust|Any CPU.Build.0 = Debug|Any CPU
		{D1CC659D-1CEE-46F7-B0BE-CCBE9F5102D7}.Release|Any CPU.ActiveCfg = Release|Any CPU
		{D1CC659D-1CEE-46F7-B0BE-CCBE9F5102D7}.Release|Any CPU.Build.0 = Release|Any CPU
		{D1CC659D-1CEE-46F7-B0BE-CCBE9F5102D7}.Release-LowTrust|Any CPU.ActiveCfg = Release|Any CPU
		{D1CC659D-1CEE-46F7-B0BE-CCBE9F5102D7}.Release-LowTrust|Any CPU.Build.0 = Release|Any CPU
		{EA4BD5B8-5B81-4C8F-A494-D365F7F8A4C4}.Debug|Any CPU.ActiveCfg = Debug|Any CPU
		{EA4BD5B8-5B81-4C8F-A494-D365F7F8A4C4}.Debug|Any CPU.Build.0 = Debug|Any CPU
		{EA4BD5B8-5B81-4C8F-A494-D365F7F8A4C4}.Debug-LowTrust|Any CPU.ActiveCfg = Debug|Any CPU
		{EA4BD5B8-5B81-4C8F-A494-D365F7F8A4C4}.Debug-LowTrust|Any CPU.Build.0 = Debug|Any CPU
		{EA4BD5B8-5B81-4C8F-A494-D365F7F8A4C4}.Release|Any CPU.ActiveCfg = Release|Any CPU
		{EA4BD5B8-5B81-4C8F-A494-D365F7F8A4C4}.Release|Any CPU.Build.0 = Release|Any CPU
		{EA4BD5B8-5B81-4C8F-A494-D365F7F8A4C4}.Release-LowTrust|Any CPU.ActiveCfg = Release|Any CPU
		{EA4BD5B8-5B81-4C8F-A494-D365F7F8A4C4}.Release-LowTrust|Any CPU.Build.0 = Release|Any CPU
		{1B3EDF55-DC47-4B00-BF5D-8651EE412BED}.Debug|Any CPU.ActiveCfg = Debug|Any CPU
		{1B3EDF55-DC47-4B00-BF5D-8651EE412BED}.Debug|Any CPU.Build.0 = Debug|Any CPU
		{1B3EDF55-DC47-4B00-BF5D-8651EE412BED}.Debug-LowTrust|Any CPU.ActiveCfg = Debug|Any CPU
		{1B3EDF55-DC47-4B00-BF5D-8651EE412BED}.Debug-LowTrust|Any CPU.Build.0 = Debug|Any CPU
		{1B3EDF55-DC47-4B00-BF5D-8651EE412BED}.Release|Any CPU.ActiveCfg = Release|Any CPU
		{1B3EDF55-DC47-4B00-BF5D-8651EE412BED}.Release|Any CPU.Build.0 = Release|Any CPU
		{1B3EDF55-DC47-4B00-BF5D-8651EE412BED}.Release-LowTrust|Any CPU.ActiveCfg = Release|Any CPU
		{1B3EDF55-DC47-4B00-BF5D-8651EE412BED}.Release-LowTrust|Any CPU.Build.0 = Release|Any CPU
		{7A1592A8-DDC9-4B9B-B51F-797820346340}.Debug|Any CPU.ActiveCfg = Debug|Any CPU
		{7A1592A8-DDC9-4B9B-B51F-797820346340}.Debug|Any CPU.Build.0 = Debug|Any CPU
		{7A1592A8-DDC9-4B9B-B51F-797820346340}.Debug-LowTrust|Any CPU.ActiveCfg = Debug|Any CPU
		{7A1592A8-DDC9-4B9B-B51F-797820346340}.Debug-LowTrust|Any CPU.Build.0 = Debug|Any CPU
		{7A1592A8-DDC9-4B9B-B51F-797820346340}.Release|Any CPU.ActiveCfg = Release|Any CPU
		{7A1592A8-DDC9-4B9B-B51F-797820346340}.Release|Any CPU.Build.0 = Release|Any CPU
		{7A1592A8-DDC9-4B9B-B51F-797820346340}.Release-LowTrust|Any CPU.ActiveCfg = Release|Any CPU
		{7A1592A8-DDC9-4B9B-B51F-797820346340}.Release-LowTrust|Any CPU.Build.0 = Release|Any CPU
		{6FABF670-7352-4957-A76E-6E8814A300D3}.Debug|Any CPU.ActiveCfg = Debug|Any CPU
		{6FABF670-7352-4957-A76E-6E8814A300D3}.Debug|Any CPU.Build.0 = Debug|Any CPU
		{6FABF670-7352-4957-A76E-6E8814A300D3}.Debug-LowTrust|Any CPU.ActiveCfg = Debug|Any CPU
		{6FABF670-7352-4957-A76E-6E8814A300D3}.Debug-LowTrust|Any CPU.Build.0 = Debug|Any CPU
		{6FABF670-7352-4957-A76E-6E8814A300D3}.Release|Any CPU.ActiveCfg = Release|Any CPU
		{6FABF670-7352-4957-A76E-6E8814A300D3}.Release|Any CPU.Build.0 = Release|Any CPU
		{6FABF670-7352-4957-A76E-6E8814A300D3}.Release-LowTrust|Any CPU.ActiveCfg = Release|Any CPU
		{6FABF670-7352-4957-A76E-6E8814A300D3}.Release-LowTrust|Any CPU.Build.0 = Release|Any CPU
		{3A854292-F9F1-4841-811C-A3696A8D9E0C}.Debug|Any CPU.ActiveCfg = Debug|Any CPU
		{3A854292-F9F1-4841-811C-A3696A8D9E0C}.Debug|Any CPU.Build.0 = Debug|Any CPU
		{3A854292-F9F1-4841-811C-A3696A8D9E0C}.Debug-LowTrust|Any CPU.ActiveCfg = Debug|Any CPU
		{3A854292-F9F1-4841-811C-A3696A8D9E0C}.Debug-LowTrust|Any CPU.Build.0 = Debug|Any CPU
		{3A854292-F9F1-4841-811C-A3696A8D9E0C}.Release|Any CPU.ActiveCfg = Release|Any CPU
		{3A854292-F9F1-4841-811C-A3696A8D9E0C}.Release|Any CPU.Build.0 = Release|Any CPU
		{3A854292-F9F1-4841-811C-A3696A8D9E0C}.Release-LowTrust|Any CPU.ActiveCfg = Release|Any CPU
		{3A854292-F9F1-4841-811C-A3696A8D9E0C}.Release-LowTrust|Any CPU.Build.0 = Release|Any CPU
		{CADA6B63-4657-4DA9-9C48-1AA4A4699E85}.Debug|Any CPU.ActiveCfg = Debug|Any CPU
		{CADA6B63-4657-4DA9-9C48-1AA4A4699E85}.Debug|Any CPU.Build.0 = Debug|Any CPU
		{CADA6B63-4657-4DA9-9C48-1AA4A4699E85}.Debug-LowTrust|Any CPU.ActiveCfg = Debug|Any CPU
		{CADA6B63-4657-4DA9-9C48-1AA4A4699E85}.Debug-LowTrust|Any CPU.Build.0 = Debug|Any CPU
		{CADA6B63-4657-4DA9-9C48-1AA4A4699E85}.Release|Any CPU.ActiveCfg = Release|Any CPU
		{CADA6B63-4657-4DA9-9C48-1AA4A4699E85}.Release|Any CPU.Build.0 = Release|Any CPU
		{CADA6B63-4657-4DA9-9C48-1AA4A4699E85}.Release-LowTrust|Any CPU.ActiveCfg = Release|Any CPU
		{CADA6B63-4657-4DA9-9C48-1AA4A4699E85}.Release-LowTrust|Any CPU.Build.0 = Release|Any CPU
		{67BE0AEB-C285-4B24-B366-A1564F0ED3E4}.Debug|Any CPU.ActiveCfg = Debug|Any CPU
		{67BE0AEB-C285-4B24-B366-A1564F0ED3E4}.Debug|Any CPU.Build.0 = Debug|Any CPU
		{67BE0AEB-C285-4B24-B366-A1564F0ED3E4}.Debug-LowTrust|Any CPU.ActiveCfg = Debug|Any CPU
		{67BE0AEB-C285-4B24-B366-A1564F0ED3E4}.Debug-LowTrust|Any CPU.Build.0 = Debug|Any CPU
		{67BE0AEB-C285-4B24-B366-A1564F0ED3E4}.Release|Any CPU.ActiveCfg = Release|Any CPU
		{67BE0AEB-C285-4B24-B366-A1564F0ED3E4}.Release|Any CPU.Build.0 = Release|Any CPU
		{67BE0AEB-C285-4B24-B366-A1564F0ED3E4}.Release-LowTrust|Any CPU.ActiveCfg = Release|Any CPU
		{67BE0AEB-C285-4B24-B366-A1564F0ED3E4}.Release-LowTrust|Any CPU.Build.0 = Release|Any CPU
		{7D9EC421-BF5E-4202-BFBC-EA052366F66A}.Debug|Any CPU.ActiveCfg = Debug|Any CPU
		{7D9EC421-BF5E-4202-BFBC-EA052366F66A}.Debug|Any CPU.Build.0 = Debug|Any CPU
		{7D9EC421-BF5E-4202-BFBC-EA052366F66A}.Debug-LowTrust|Any CPU.ActiveCfg = Debug|Any CPU
		{7D9EC421-BF5E-4202-BFBC-EA052366F66A}.Debug-LowTrust|Any CPU.Build.0 = Debug|Any CPU
		{7D9EC421-BF5E-4202-BFBC-EA052366F66A}.Release|Any CPU.ActiveCfg = Release|Any CPU
		{7D9EC421-BF5E-4202-BFBC-EA052366F66A}.Release|Any CPU.Build.0 = Release|Any CPU
		{7D9EC421-BF5E-4202-BFBC-EA052366F66A}.Release-LowTrust|Any CPU.ActiveCfg = Release|Any CPU
		{7D9EC421-BF5E-4202-BFBC-EA052366F66A}.Release-LowTrust|Any CPU.Build.0 = Release|Any CPU
		{555C068A-9D4B-4AE4-9BFF-2E5B4F66D6BD}.Debug|Any CPU.ActiveCfg = Debug|Any CPU
		{555C068A-9D4B-4AE4-9BFF-2E5B4F66D6BD}.Debug|Any CPU.Build.0 = Debug|Any CPU
		{555C068A-9D4B-4AE4-9BFF-2E5B4F66D6BD}.Debug-LowTrust|Any CPU.ActiveCfg = Debug|Any CPU
		{555C068A-9D4B-4AE4-9BFF-2E5B4F66D6BD}.Debug-LowTrust|Any CPU.Build.0 = Debug|Any CPU
		{555C068A-9D4B-4AE4-9BFF-2E5B4F66D6BD}.Release|Any CPU.ActiveCfg = Release|Any CPU
		{555C068A-9D4B-4AE4-9BFF-2E5B4F66D6BD}.Release|Any CPU.Build.0 = Release|Any CPU
		{555C068A-9D4B-4AE4-9BFF-2E5B4F66D6BD}.Release-LowTrust|Any CPU.ActiveCfg = Release|Any CPU
		{555C068A-9D4B-4AE4-9BFF-2E5B4F66D6BD}.Release-LowTrust|Any CPU.Build.0 = Release|Any CPU
		{F407B041-B597-4B0A-B048-B2FC23127A37}.Debug|Any CPU.ActiveCfg = Debug|Any CPU
		{F407B041-B597-4B0A-B048-B2FC23127A37}.Debug|Any CPU.Build.0 = Debug|Any CPU
		{F407B041-B597-4B0A-B048-B2FC23127A37}.Debug-LowTrust|Any CPU.ActiveCfg = Debug|Any CPU
		{F407B041-B597-4B0A-B048-B2FC23127A37}.Debug-LowTrust|Any CPU.Build.0 = Debug|Any CPU
		{F407B041-B597-4B0A-B048-B2FC23127A37}.Release|Any CPU.ActiveCfg = Release|Any CPU
		{F407B041-B597-4B0A-B048-B2FC23127A37}.Release|Any CPU.Build.0 = Release|Any CPU
		{F407B041-B597-4B0A-B048-B2FC23127A37}.Release-LowTrust|Any CPU.ActiveCfg = Release|Any CPU
		{F407B041-B597-4B0A-B048-B2FC23127A37}.Release-LowTrust|Any CPU.Build.0 = Release|Any CPU
		{898E2E49-B16C-470B-B352-6448B151572A}.Debug|Any CPU.ActiveCfg = Debug|Any CPU
		{898E2E49-B16C-470B-B352-6448B151572A}.Debug|Any CPU.Build.0 = Debug|Any CPU
		{898E2E49-B16C-470B-B352-6448B151572A}.Debug-LowTrust|Any CPU.ActiveCfg = Debug|Any CPU
		{898E2E49-B16C-470B-B352-6448B151572A}.Debug-LowTrust|Any CPU.Build.0 = Debug|Any CPU
		{898E2E49-B16C-470B-B352-6448B151572A}.Release|Any CPU.ActiveCfg = Release|Any CPU
		{898E2E49-B16C-470B-B352-6448B151572A}.Release|Any CPU.Build.0 = Release|Any CPU
		{898E2E49-B16C-470B-B352-6448B151572A}.Release-LowTrust|Any CPU.ActiveCfg = Release|Any CPU
		{898E2E49-B16C-470B-B352-6448B151572A}.Release-LowTrust|Any CPU.Build.0 = Release|Any CPU
		{7AA7E76E-2923-4D0E-898E-EB689BAC8189}.Debug|Any CPU.ActiveCfg = Debug|Any CPU
		{7AA7E76E-2923-4D0E-898E-EB689BAC8189}.Debug|Any CPU.Build.0 = Debug|Any CPU
		{7AA7E76E-2923-4D0E-898E-EB689BAC8189}.Debug-LowTrust|Any CPU.ActiveCfg = Debug|Any CPU
		{7AA7E76E-2923-4D0E-898E-EB689BAC8189}.Debug-LowTrust|Any CPU.Build.0 = Debug|Any CPU
		{7AA7E76E-2923-4D0E-898E-EB689BAC8189}.Release|Any CPU.ActiveCfg = Release|Any CPU
		{7AA7E76E-2923-4D0E-898E-EB689BAC8189}.Release|Any CPU.Build.0 = Release|Any CPU
		{7AA7E76E-2923-4D0E-898E-EB689BAC8189}.Release-LowTrust|Any CPU.ActiveCfg = Release|Any CPU
		{7AA7E76E-2923-4D0E-898E-EB689BAC8189}.Release-LowTrust|Any CPU.Build.0 = Release|Any CPU
		{A5430006-08F8-4A16-A241-91E80EEDD63E}.Debug|Any CPU.ActiveCfg = Debug|Any CPU
		{A5430006-08F8-4A16-A241-91E80EEDD63E}.Debug|Any CPU.Build.0 = Debug|Any CPU
		{A5430006-08F8-4A16-A241-91E80EEDD63E}.Debug-LowTrust|Any CPU.ActiveCfg = Debug|Any CPU
		{A5430006-08F8-4A16-A241-91E80EEDD63E}.Debug-LowTrust|Any CPU.Build.0 = Debug|Any CPU
		{A5430006-08F8-4A16-A241-91E80EEDD63E}.Release|Any CPU.ActiveCfg = Release|Any CPU
		{A5430006-08F8-4A16-A241-91E80EEDD63E}.Release|Any CPU.Build.0 = Release|Any CPU
		{A5430006-08F8-4A16-A241-91E80EEDD63E}.Release-LowTrust|Any CPU.ActiveCfg = Release|Any CPU
		{A5430006-08F8-4A16-A241-91E80EEDD63E}.Release-LowTrust|Any CPU.Build.0 = Release|Any CPU
		{A7001924-EFE6-46D5-89BE-96EC1C8DFE7B}.Debug|Any CPU.ActiveCfg = Debug|Any CPU
		{A7001924-EFE6-46D5-89BE-96EC1C8DFE7B}.Debug|Any CPU.Build.0 = Debug|Any CPU
		{A7001924-EFE6-46D5-89BE-96EC1C8DFE7B}.Debug-LowTrust|Any CPU.ActiveCfg = Debug|Any CPU
		{A7001924-EFE6-46D5-89BE-96EC1C8DFE7B}.Debug-LowTrust|Any CPU.Build.0 = Debug|Any CPU
		{A7001924-EFE6-46D5-89BE-96EC1C8DFE7B}.Release|Any CPU.ActiveCfg = Release|Any CPU
		{A7001924-EFE6-46D5-89BE-96EC1C8DFE7B}.Release|Any CPU.Build.0 = Release|Any CPU
		{A7001924-EFE6-46D5-89BE-96EC1C8DFE7B}.Release-LowTrust|Any CPU.ActiveCfg = Release|Any CPU
		{A7001924-EFE6-46D5-89BE-96EC1C8DFE7B}.Release-LowTrust|Any CPU.Build.0 = Release|Any CPU
	EndGlobalSection
	GlobalSection(SolutionProperties) = preSolution
		HideSolutionNode = FALSE
	EndGlobalSection
	GlobalSection(NestedProjects) = preSolution
		{67BE0AEB-C285-4B24-B366-A1564F0ED3E4} = {B5DD7B0B-664D-4374-A25B-F0F28C8DD4AC}
	EndGlobalSection
	GlobalSection(ExtensibilityGlobals) = postSolution
		SolutionGuid = {3484C800-F891-49EF-B38A-24FC23F46AE3}
	EndGlobalSection
EndGlobal
