
Microsoft Visual Studio Solution File, Format Version 12.00
# Visual Studio 15
VisualStudioVersion = 15.0.28307.271
MinimumVisualStudioVersion = 10.0.40219.1
Project("{9A19103F-16F7-4668-BE54-9A1E7A4F7556}") = "Stringier", "Stringier\Stringier.csproj", "{0BDB2F61-B22C-4817-9899-9EE7E498EAEC}"
EndProject
Project("{FAE04EC0-301F-11D3-BF4B-00C04F79EFBC}") = "Tests", "Tests\Tests.csproj", "{74471FC7-0C9D-4D49-8A85-596EF90260AA}"
EndProject
Project("{2150E333-8FDC-42A3-9474-1A3956D46DE8}") = "Solution Items", "Solution Items", "{4BBCEB98-C14E-4050-BA7A-C26E3C7F6540}"
	ProjectSection(SolutionItems) = preProject
		LICENSE = LICENSE
		README.md = README.md
	EndProjectSection
EndProject
Global
	GlobalSection(SolutionConfigurationPlatforms) = preSolution
		Debug|Any CPU = Debug|Any CPU
		Release|Any CPU = Release|Any CPU
	EndGlobalSection
	GlobalSection(ProjectConfigurationPlatforms) = postSolution
		{0BDB2F61-B22C-4817-9899-9EE7E498EAEC}.Debug|Any CPU.ActiveCfg = Debug|Any CPU
		{0BDB2F61-B22C-4817-9899-9EE7E498EAEC}.Debug|Any CPU.Build.0 = Debug|Any CPU
		{0BDB2F61-B22C-4817-9899-9EE7E498EAEC}.Release|Any CPU.ActiveCfg = Release|Any CPU
		{0BDB2F61-B22C-4817-9899-9EE7E498EAEC}.Release|Any CPU.Build.0 = Release|Any CPU
		{74471FC7-0C9D-4D49-8A85-596EF90260AA}.Debug|Any CPU.ActiveCfg = Debug|Any CPU
		{74471FC7-0C9D-4D49-8A85-596EF90260AA}.Debug|Any CPU.Build.0 = Debug|Any CPU
		{74471FC7-0C9D-4D49-8A85-596EF90260AA}.Release|Any CPU.ActiveCfg = Release|Any CPU
		{74471FC7-0C9D-4D49-8A85-596EF90260AA}.Release|Any CPU.Build.0 = Release|Any CPU
	EndGlobalSection
	GlobalSection(SolutionProperties) = preSolution
		HideSolutionNode = FALSE
	EndGlobalSection
	GlobalSection(ExtensibilityGlobals) = postSolution
		SolutionGuid = {3484C800-F891-49EF-B38A-24FC23F46AE3}
	EndGlobalSection
EndGlobal
